{
  "version": 4,
  "terraform_version": "1.11.0",
  "serial": 534,
  "lineage": "8859979e-4eaf-6136-4928-13be745a970b",
  "outputs": {},
  "resources": [
    {
      "mode": "managed",
      "type": "aws_ecs_cluster_capacity_providers",
      "name": "attach_capacity_providers_to_cluster",
      "provider": "provider[\"registry.terraform.io/hashicorp/aws\"]",
      "instances": [
        {
          "schema_version": 0,
          "attributes": {
            "capacity_providers": [
              "pihire-ec2-capacity-provider"
            ],
            "cluster_name": "pihire",
            "default_capacity_provider_strategy": [
              {
                "base": 0,
                "capacity_provider": "pihire-ec2-capacity-provider",
                "weight": 1
              }
            ],
            "id": "pihire",
            "region": "ap-south-1"
          },
          "sensitive_attributes": [],
          "private": "bnVsbA==",
          "dependencies": [
            "module.ecs_cluster.aws_ecs_cluster.ecs_cluster",
            "module.ecs_ec2_capacity_provider.aws_autoscaling_group.ecs_asg",
            "module.ecs_ec2_capacity_provider.aws_ecs_capacity_provider.ec2_provider",
            "module.ecs_ec2_capacity_provider.aws_launch_template.ecs_launch_template"
          ]
        }
      ]
    },
    {
      "module": "module.ecs_cluster",
      "mode": "managed",
      "type": "aws_ecs_cluster",
      "name": "ecs_cluster",
      "provider": "provider[\"registry.terraform.io/hashicorp/aws\"]",
      "instances": [
        {
          "schema_version": 0,
          "attributes": {
            "arn": "arn:aws:ecs:ap-south-1:211125439608:cluster/pihire",
            "configuration": [],
            "id": "arn:aws:ecs:ap-south-1:211125439608:cluster/pihire",
            "name": "pihire",
            "region": "ap-south-1",
            "service_connect_defaults": [],
            "setting": [
              {
                "name": "containerInsights",
                "value": "enabled"
              }
            ],
            "tags": {
              "Name": "pihire"
            },
            "tags_all": {
              "Name": "pihire"
            }
          },
          "sensitive_attributes": [],
          "private": "bnVsbA=="
        }
      ]
    },
    {
      "module": "module.ecs_ec2_capacity_provider",
      "mode": "managed",
      "type": "aws_autoscaling_group",
      "name": "ecs_asg",
      "provider": "provider[\"registry.terraform.io/hashicorp/aws\"]",
      "instances": [
        {
          "schema_version": 1,
          "attributes": {
            "arn": "arn:aws:autoscaling:ap-south-1:211125439608:autoScalingGroup:207d3dfb-2d87-49eb-a81e-d212768d0897:autoScalingGroupName/pihire-asg",
            "availability_zone_distribution": [
              {
                "capacity_distribution_strategy": "balanced-best-effort"
              }
            ],
            "availability_zones": [
              "ap-south-1a",
              "ap-south-1b"
            ],
            "capacity_rebalance": false,
            "capacity_reservation_specification": [
              {
                "capacity_reservation_preference": "default",
                "capacity_reservation_target": []
              }
            ],
            "context": "",
            "default_cooldown": 300,
            "default_instance_warmup": 0,
            "desired_capacity": 1,
            "desired_capacity_type": "",
            "enabled_metrics": null,
            "force_delete": false,
            "force_delete_warm_pool": false,
            "health_check_grace_period": 300,
            "health_check_type": "EC2",
            "id": "pihire-asg",
            "ignore_failed_scaling_activities": false,
            "initial_lifecycle_hook": [],
            "instance_maintenance_policy": [],
            "instance_refresh": [],
            "launch_configuration": "",
            "launch_template": [
              {
                "id": "lt-086525bf118a7c6be",
                "name": "pihire-launch-template20250811101022637700000001",
                "version": "$Latest"
              }
            ],
            "load_balancers": [],
            "max_instance_lifetime": 0,
            "max_size": 2,
            "metrics_granularity": "1Minute",
            "min_elb_capacity": null,
            "min_size": 1,
            "mixed_instances_policy": [],
            "name": "pihire-asg",
            "name_prefix": "",
            "placement_group": "",
            "predicted_capacity": 0,
            "protect_from_scale_in": true,
            "region": "ap-south-1",
            "service_linked_role_arn": "arn:aws:iam::211125439608:role/aws-service-role/autoscaling.amazonaws.com/AWSServiceRoleForAutoScaling",
            "suspended_processes": null,
            "tag": [
              {
                "key": "Name",
                "propagate_at_launch": true,
                "value": "pihire-asg"
              }
            ],
            "target_group_arns": [],
            "termination_policies": null,
            "timeouts": null,
            "traffic_source": [],
            "vpc_zone_identifier": [
              "subnet-01b912e902f245409",
              "subnet-0932ec1a59b27b09e"
            ],
            "wait_for_capacity_timeout": "10m",
            "wait_for_elb_capacity": null,
            "warm_pool": [],
            "warm_pool_size": 0
          },
          "sensitive_attributes": [],
          "private": "eyJlMmJmYjczMC1lY2FhLTExZTYtOGY4OC0zNDM2M2JjN2M0YzAiOnsiZGVsZXRlIjo2MDAwMDAwMDAwMDAsInVwZGF0ZSI6NjAwMDAwMDAwMDAwfSwic2NoZW1hX3ZlcnNpb24iOiIxIn0=",
          "dependencies": [
            "module.ecs_ec2_capacity_provider.aws_launch_template.ecs_launch_template"
          ],
          "create_before_destroy": true
        }
      ]
    },
    {
      "module": "module.ecs_ec2_capacity_provider",
      "mode": "managed",
      "type": "aws_ecs_capacity_provider",
      "name": "ec2_provider",
      "provider": "provider[\"registry.terraform.io/hashicorp/aws\"]",
      "instances": [
        {
          "schema_version": 0,
          "attributes": {
            "arn": "arn:aws:ecs:ap-south-1:211125439608:capacity-provider/pihire-ec2-capacity-provider",
            "auto_scaling_group_provider": [
              {
                "auto_scaling_group_arn": "arn:aws:autoscaling:ap-south-1:211125439608:autoScalingGroup:207d3dfb-2d87-49eb-a81e-d212768d0897:autoScalingGroupName/pihire-asg",
                "managed_draining": "ENABLED",
                "managed_scaling": [
                  {
                    "instance_warmup_period": 0,
                    "maximum_scaling_step_size": 2,
                    "minimum_scaling_step_size": 1,
                    "status": "ENABLED",
                    "target_capacity": 90
                  }
                ],
                "managed_termination_protection": "ENABLED"
              }
            ],
            "id": "arn:aws:ecs:ap-south-1:211125439608:capacity-provider/pihire-ec2-capacity-provider",
            "name": "pihire-ec2-capacity-provider",
            "region": "ap-south-1",
            "tags": null,
            "tags_all": {}
          },
          "sensitive_attributes": [],
          "private": "bnVsbA==",
          "dependencies": [
            "module.ecs_ec2_capacity_provider.aws_autoscaling_group.ecs_asg"
          ]
        }
      ]
    },
    {
      "module": "module.ecs_ec2_capacity_provider",
      "mode": "managed",
      "type": "aws_launch_template",
      "name": "ecs_launch_template",
      "provider": "provider[\"registry.terraform.io/hashicorp/aws\"]",
      "instances": [
        {
          "schema_version": 0,
          "attributes": {
            "arn": "arn:aws:ec2:ap-south-1:211125439608:launch-template/lt-086525bf118a7c6be",
            "block_device_mappings": [],
            "capacity_reservation_specification": [],
            "cpu_options": [],
            "credit_specification": [],
            "default_version": 1,
            "description": "",
            "disable_api_stop": false,
            "disable_api_termination": false,
            "ebs_optimized": "",
            "enclave_options": [],
            "hibernation_options": [],
            "iam_instance_profile": [
              {
                "arn": "",
                "name": "ecsInstanceRole"
              }
            ],
            "id": "lt-086525bf118a7c6be",
            "image_id": "ami-018bf378c35021448",
            "instance_initiated_shutdown_behavior": "",
            "instance_market_options": [],
            "instance_requirements": [],
            "instance_type": "t3.medium",
            "kernel_id": "",
            "key_name": "pivms",
            "latest_version": 1,
            "license_specification": [],
            "maintenance_options": [],
            "metadata_options": [],
            "monitoring": [],
            "name": "pihire-launch-template20250811101022637700000001",
            "name_prefix": "pihire-launch-template",
            "network_interfaces": [
              {
                "associate_carrier_ip_address": "",
                "associate_public_ip_address": "true",
                "connection_tracking_specification": [],
                "delete_on_termination": "",
                "description": "",
                "device_index": 0,
                "ena_srd_specification": [],
                "interface_type": "",
                "ipv4_address_count": 0,
                "ipv4_addresses": null,
                "ipv4_prefix_count": 0,
                "ipv4_prefixes": null,
                "ipv6_address_count": 0,
                "ipv6_addresses": null,
                "ipv6_prefix_count": 0,
                "ipv6_prefixes": null,
                "network_card_index": 0,
                "network_interface_id": "",
                "primary_ipv6": "",
                "private_ip_address": "",
                "security_groups": [
                  "sg-080848dcbcb487199"
                ],
                "subnet_id": ""
              }
            ],
            "placement": [],
            "private_dns_name_options": [],
            "ram_disk_id": "",
            "region": "ap-south-1",
            "security_group_names": null,
            "tag_specifications": [],
            "tags": null,
            "tags_all": {},
            "update_default_version": null,
            "user_data": "ICAgICAgICAgICAgICAgICMhL2Jpbi9iYXNoIA0KICAgICAgICAgICAgICAgIGVjaG8gRUNTX0NMVVNURVI9cGloaXJlID4+IC9ldGMvZWNzL2Vjcy5jb25maWcNCg==",
            "vpc_security_group_ids": null
          },
          "sensitive_attributes": [],
          "private": "bnVsbA==",
          "create_before_destroy": true
        }
      ]
    },
    {
      "module": "module.ecs_service[\"0\"]",
      "mode": "managed",
      "type": "aws_ecs_service",
      "name": "ecs_service",
      "provider": "provider[\"registry.terraform.io/hashicorp/aws\"]",
      "instances": [
        {
          "schema_version": 1,
          "attributes": {
            "alarms": [],
            "arn": "arn:aws:ecs:ap-south-1:211125439608:service/pihire/pihire-UI",
            "availability_zone_rebalancing": "DISABLED",
            "capacity_provider_strategy": [],
            "cluster": "pihire",
            "deployment_circuit_breaker": [
              {
                "enable": false,
                "rollback": false
              }
            ],
            "deployment_configuration": [],
            "deployment_controller": [
              {
                "type": "ECS"
              }
            ],
            "deployment_maximum_percent": 200,
            "deployment_minimum_healthy_percent": 100,
            "desired_count": 1,
            "enable_ecs_managed_tags": false,
            "enable_execute_command": false,
            "force_delete": null,
            "force_new_deployment": null,
            "health_check_grace_period_seconds": 0,
            "iam_role": "/aws-service-role/ecs.amazonaws.com/AWSServiceRoleForECS",
            "id": "arn:aws:ecs:ap-south-1:211125439608:service/pihire/pihire-UI",
            "launch_type": "EC2",
            "load_balancer": [
              {
                "advanced_configuration": [],
                "container_name": "pihire-UI-container",
                "container_port": 80,
                "elb_name": "",
                "target_group_arn": "arn:aws:elasticloadbalancing:ap-south-1:211125439608:targetgroup/pihire-website-target-group-TG/be0a2289a4875f15"
              }
            ],
            "name": "pihire-UI",
            "network_configuration": [],
            "ordered_placement_strategy": [],
            "placement_constraints": [],
            "platform_version": "",
            "propagate_tags": "NONE",
            "region": "ap-south-1",
            "scheduling_strategy": "REPLICA",
            "service_connect_configuration": [],
            "service_registries": [],
            "tags": {
              "Name": "pihire-UI"
            },
            "tags_all": {
              "Name": "pihire-UI"
            },
            "task_definition": "arn:aws:ecs:ap-south-1:211125439608:task-definition/pihire-task-definition1:12",
            "timeouts": null,
            "triggers": {},
            "volume_configuration": [],
            "vpc_lattice_configurations": [],
            "wait_for_steady_state": false
          },
          "sensitive_attributes": [],
          "private": "eyJlMmJmYjczMC1lY2FhLTExZTYtOGY4OC0zNDM2M2JjN2M0YzAiOnsiY3JlYXRlIjoxMjAwMDAwMDAwMDAwLCJkZWxldGUiOjEyMDAwMDAwMDAwMDAsInVwZGF0ZSI6MTIwMDAwMDAwMDAwMH0sInNjaGVtYV92ZXJzaW9uIjoiMSJ9",
          "dependencies": [
            "module.ecs_cluster.aws_ecs_cluster.ecs_cluster",
            "module.ecs_task_definition.aws_ecs_task_definition.ecs_task_definition",
            "module.target_group.aws_lb_target_group.ecs_target_group"
          ]
        }
      ]
    },
    {
      "module": "module.ecs_service[\"1\"]",
      "mode": "managed",
      "type": "aws_ecs_service",
      "name": "ecs_service",
      "provider": "provider[\"registry.terraform.io/hashicorp/aws\"]",
      "instances": [
        {
          "schema_version": 1,
          "attributes": {
            "alarms": [],
            "arn": "arn:aws:ecs:ap-south-1:211125439608:service/pihire/pihire-API",
            "availability_zone_rebalancing": "DISABLED",
            "capacity_provider_strategy": [],
            "cluster": "pihire",
            "deployment_circuit_breaker": [
              {
                "enable": false,
                "rollback": false
              }
            ],
            "deployment_configuration": [],
            "deployment_controller": [
              {
                "type": "ECS"
              }
            ],
            "deployment_maximum_percent": 200,
            "deployment_minimum_healthy_percent": 100,
            "desired_count": 1,
            "enable_ecs_managed_tags": false,
            "enable_execute_command": false,
            "force_delete": null,
            "force_new_deployment": null,
            "health_check_grace_period_seconds": 0,
            "iam_role": "/aws-service-role/ecs.amazonaws.com/AWSServiceRoleForECS",
            "id": "arn:aws:ecs:ap-south-1:211125439608:service/pihire/pihire-API",
            "launch_type": "EC2",
            "load_balancer": [
              {
                "advanced_configuration": [],
                "container_name": "pihire-API-container",
                "container_port": 5000,
                "elb_name": "",
                "target_group_arn": "arn:aws:elasticloadbalancing:ap-south-1:211125439608:targetgroup/pihire-api-target-group-TG/9796f53b0e669cd3"
              }
            ],
            "name": "pihire-API",
            "network_configuration": [],
            "ordered_placement_strategy": [],
            "placement_constraints": [],
            "platform_version": "",
            "propagate_tags": "NONE",
            "region": "ap-south-1",
            "scheduling_strategy": "REPLICA",
            "service_connect_configuration": [],
            "service_registries": [],
            "tags": {
              "Name": "pihire-API"
            },
            "tags_all": {
              "Name": "pihire-API"
            },
            "task_definition": "arn:aws:ecs:ap-south-1:211125439608:task-definition/pihire-task-definition2:12",
            "timeouts": null,
            "triggers": {},
            "volume_configuration": [],
            "vpc_lattice_configurations": [],
            "wait_for_steady_state": false
          },
          "sensitive_attributes": [],
          "private": "eyJlMmJmYjczMC1lY2FhLTExZTYtOGY4OC0zNDM2M2JjN2M0YzAiOnsiY3JlYXRlIjoxMjAwMDAwMDAwMDAwLCJkZWxldGUiOjEyMDAwMDAwMDAwMDAsInVwZGF0ZSI6MTIwMDAwMDAwMDAwMH0sInNjaGVtYV92ZXJzaW9uIjoiMSJ9",
          "dependencies": [
            "module.ecs_cluster.aws_ecs_cluster.ecs_cluster",
            "module.ecs_task_definition.aws_ecs_task_definition.ecs_task_definition",
            "module.target_group.aws_lb_target_group.ecs_target_group"
          ]
        }
      ]
    },
    {
      "module": "module.ecs_service[\"2\"]",
      "mode": "managed",
      "type": "aws_ecs_service",
      "name": "ecs_service",
      "provider": "provider[\"registry.terraform.io/hashicorp/aws\"]",
      "instances": [
        {
          "schema_version": 1,
          "attributes": {
            "alarms": [],
            "arn": "arn:aws:ecs:ap-south-1:211125439608:service/pihire/pihire-career-UI",
            "availability_zone_rebalancing": "DISABLED",
            "capacity_provider_strategy": [],
            "cluster": "pihire",
            "deployment_circuit_breaker": [
              {
                "enable": false,
                "rollback": false
              }
            ],
            "deployment_configuration": [],
            "deployment_controller": [
              {
                "type": "ECS"
              }
            ],
            "deployment_maximum_percent": 200,
            "deployment_minimum_healthy_percent": 100,
            "desired_count": 1,
            "enable_ecs_managed_tags": false,
            "enable_execute_command": false,
            "force_delete": null,
            "force_new_deployment": null,
            "health_check_grace_period_seconds": 0,
            "iam_role": "/aws-service-role/ecs.amazonaws.com/AWSServiceRoleForECS",
            "id": "arn:aws:ecs:ap-south-1:211125439608:service/pihire/pihire-career-UI",
            "launch_type": "EC2",
            "load_balancer": [
              {
                "advanced_configuration": [],
                "container_name": "pihire-career-UI-container",
                "container_port": 8002,
                "elb_name": "",
                "target_group_arn": "arn:aws:elasticloadbalancing:ap-south-1:211125439608:targetgroup/pihire-carrer-target-group-TG/5f56526105d72331"
              }
            ],
            "name": "pihire-career-UI",
            "network_configuration": [],
            "ordered_placement_strategy": [],
            "placement_constraints": [],
            "platform_version": "",
            "propagate_tags": "NONE",
            "region": "ap-south-1",
            "scheduling_strategy": "REPLICA",
            "service_connect_configuration": [],
            "service_registries": [],
            "tags": {
              "Name": "pihire-career-UI"
            },
            "tags_all": {
              "Name": "pihire-career-UI"
            },
            "task_definition": "arn:aws:ecs:ap-south-1:211125439608:task-definition/pihire-task-definition3:12",
            "timeouts": null,
            "triggers": {},
            "volume_configuration": [],
            "vpc_lattice_configurations": [],
            "wait_for_steady_state": false
          },
          "sensitive_attributes": [],
          "private": "eyJlMmJmYjczMC1lY2FhLTExZTYtOGY4OC0zNDM2M2JjN2M0YzAiOnsiY3JlYXRlIjoxMjAwMDAwMDAwMDAwLCJkZWxldGUiOjEyMDAwMDAwMDAwMDAsInVwZGF0ZSI6MTIwMDAwMDAwMDAwMH0sInNjaGVtYV92ZXJzaW9uIjoiMSJ9",
          "dependencies": [
            "module.ecs_cluster.aws_ecs_cluster.ecs_cluster",
            "module.ecs_task_definition.aws_ecs_task_definition.ecs_task_definition",
            "module.target_group.aws_lb_target_group.ecs_target_group"
          ]
        }
      ]
    },
    {
      "module": "module.ecs_task_definition[\"0\"]",
      "mode": "managed",
      "type": "aws_ecs_task_definition",
      "name": "ecs_task_definition",
      "provider": "provider[\"registry.terraform.io/hashicorp/aws\"]",
      "instances": [
        {
          "schema_version": 1,
          "attributes": {
            "arn": "arn:aws:ecs:ap-south-1:211125439608:task-definition/pihire-task-definition1:12",
            "arn_without_revision": "arn:aws:ecs:ap-south-1:211125439608:task-definition/pihire-task-definition1",
            "container_definitions": "[{\"environment\":[],\"essential\":true,\"image\":\"211125439608.dkr.ecr.ap-south-1.amazonaws.com/vms_client_app:latest\",\"mountPoints\":[],\"name\":\"pihire-UI-container\",\"portMappings\":[{\"containerPort\":80,\"hostPort\":80,\"protocol\":\"tcp\"}],\"systemControls\":[],\"volumesFrom\":[]}]",
            "cpu": "256",
            "enable_fault_injection": false,
            "ephemeral_storage": [],
            "execution_role_arn": "arn:aws:iam::211125439608:role/ecsTaskExecutionRole",
            "family": "pihire-task-definition1",
            "id": "pihire-task-definition1",
            "ipc_mode": "",
            "memory": "512",
            "network_mode": "bridge",
            "pid_mode": "",
            "placement_constraints": [],
            "proxy_configuration": [],
            "region": "ap-south-1",
            "requires_compatibilities": [
              "EC2"
            ],
            "revision": 12,
            "runtime_platform": [],
            "skip_destroy": false,
            "tags": {
              "Name": "pihire-task-definition1"
            },
            "tags_all": {
              "Name": "pihire-task-definition1"
            },
            "task_role_arn": "arn:aws:iam::211125439608:role/ecsTaskExecutionRole",
            "track_latest": false,
            "volume": []
          },
          "sensitive_attributes": [],
          "private": "eyJzY2hlbWFfdmVyc2lvbiI6IjEifQ=="
        }
      ]
    },
    {
      "module": "module.ecs_task_definition[\"1\"]",
      "mode": "managed",
      "type": "aws_ecs_task_definition",
      "name": "ecs_task_definition",
      "provider": "provider[\"registry.terraform.io/hashicorp/aws\"]",
      "instances": [
        {
          "schema_version": 1,
          "attributes": {
            "arn": "arn:aws:ecs:ap-south-1:211125439608:task-definition/pihire-task-definition2:12",
            "arn_without_revision": "arn:aws:ecs:ap-south-1:211125439608:task-definition/pihire-task-definition2",
            "container_definitions": "[{\"environment\":[],\"essential\":true,\"image\":\"211125439608.dkr.ecr.ap-south-1.amazonaws.com/pihire-api:latest\",\"mountPoints\":[],\"name\":\"pihire-API-container\",\"portMappings\":[{\"containerPort\":5000,\"hostPort\":5000,\"protocol\":\"tcp\"}],\"systemControls\":[],\"volumesFrom\":[]}]",
            "cpu": "256",
            "enable_fault_injection": false,
            "ephemeral_storage": [],
            "execution_role_arn": "arn:aws:iam::211125439608:role/ecsTaskExecutionRole",
            "family": "pihire-task-definition2",
            "id": "pihire-task-definition2",
            "ipc_mode": "",
            "memory": "512",
            "network_mode": "bridge",
            "pid_mode": "",
            "placement_constraints": [],
            "proxy_configuration": [],
            "region": "ap-south-1",
            "requires_compatibilities": [
              "EC2"
            ],
            "revision": 12,
            "runtime_platform": [],
            "skip_destroy": false,
            "tags": {
              "Name": "pihire-task-definition2"
            },
            "tags_all": {
              "Name": "pihire-task-definition2"
            },
            "task_role_arn": "arn:aws:iam::211125439608:role/ecsTaskExecutionRole",
            "track_latest": false,
            "volume": []
          },
          "sensitive_attributes": [],
          "private": "eyJzY2hlbWFfdmVyc2lvbiI6IjEifQ=="
        }
      ]
    },
    {
      "module": "module.ecs_task_definition[\"2\"]",
      "mode": "managed",
      "type": "aws_ecs_task_definition",
      "name": "ecs_task_definition",
      "provider": "provider[\"registry.terraform.io/hashicorp/aws\"]",
      "instances": [
        {
          "schema_version": 1,
          "attributes": {
            "arn": "arn:aws:ecs:ap-south-1:211125439608:task-definition/pihire-task-definition3:12",
            "arn_without_revision": "arn:aws:ecs:ap-south-1:211125439608:task-definition/pihire-task-definition3",
            "container_definitions": "[{\"environment\":[],\"essential\":true,\"image\":\"211125439608.dkr.ecr.ap-south-1.amazonaws.com/vms_account_api:latest\",\"mountPoints\":[],\"name\":\"pihire-career-UI-container\",\"portMappings\":[{\"containerPort\":8002,\"hostPort\":8002,\"protocol\":\"tcp\"}],\"systemControls\":[],\"volumesFrom\":[]}]",
            "cpu": "256",
            "enable_fault_injection": false,
            "ephemeral_storage": [],
            "execution_role_arn": "arn:aws:iam::211125439608:role/ecsTaskExecutionRole",
            "family": "pihire-task-definition3",
            "id": "pihire-task-definition3",
            "ipc_mode": "",
            "memory": "512",
            "network_mode": "bridge",
            "pid_mode": "",
            "placement_constraints": [],
            "proxy_configuration": [],
            "region": "ap-south-1",
            "requires_compatibilities": [
              "EC2"
            ],
            "revision": 12,
            "runtime_platform": [],
            "skip_destroy": false,
            "tags": {
              "Name": "pihire-task-definition3"
            },
            "tags_all": {
              "Name": "pihire-task-definition3"
            },
            "task_role_arn": "arn:aws:iam::211125439608:role/ecsTaskExecutionRole",
            "track_latest": false,
            "volume": []
          },
          "sensitive_attributes": [],
          "private": "eyJzY2hlbWFfdmVyc2lvbiI6IjEifQ=="
        }
      ]
    },
    {
      "module": "module.load_balancer",
      "mode": "managed",
      "type": "aws_lb",
      "name": "ecs_load_balancer",
      "provider": "provider[\"registry.terraform.io/hashicorp/aws\"]",
      "instances": [
        {
          "schema_version": 0,
          "attributes": {
            "access_logs": [
              {
                "bucket": "",
                "enabled": false,
                "prefix": ""
              }
            ],
            "arn": "arn:aws:elasticloadbalancing:ap-south-1:211125439608:loadbalancer/app/pihire-load-balancer/510faec1ec92a0f2",
            "arn_suffix": "app/pihire-load-balancer/510faec1ec92a0f2",
            "client_keep_alive": 3600,
            "connection_logs": [
              {
                "bucket": "",
                "enabled": false,
                "prefix": ""
              }
            ],
            "customer_owned_ipv4_pool": "",
            "desync_mitigation_mode": "defensive",
            "dns_name": "pihire-load-balancer-2074357565.ap-south-1.elb.amazonaws.com",
            "dns_record_client_routing_policy": null,
            "drop_invalid_header_fields": false,
            "enable_cross_zone_load_balancing": true,
            "enable_deletion_protection": false,
            "enable_http2": true,
            "enable_tls_version_and_cipher_suite_headers": false,
            "enable_waf_fail_open": false,
            "enable_xff_client_port": false,
            "enable_zonal_shift": false,
            "enforce_security_group_inbound_rules_on_private_link_traffic": "",
            "id": "arn:aws:elasticloadbalancing:ap-south-1:211125439608:loadbalancer/app/pihire-load-balancer/510faec1ec92a0f2",
            "idle_timeout": 60,
            "internal": false,
            "ip_address_type": "ipv4",
            "ipam_pools": [],
            "load_balancer_type": "application",
            "minimum_load_balancer_capacity": [],
            "name": "pihire-load-balancer",
            "name_prefix": "",
            "preserve_host_header": false,
            "region": "ap-south-1",
            "security_groups": [
              "sg-080848dcbcb487199"
            ],
            "subnet_mapping": [
              {
                "allocation_id": "",
                "ipv6_address": "",
                "outpost_id": "",
                "private_ipv4_address": "",
                "subnet_id": "subnet-01b912e902f245409"
              },
              {
                "allocation_id": "",
                "ipv6_address": "",
                "outpost_id": "",
                "private_ipv4_address": "",
                "subnet_id": "subnet-0932ec1a59b27b09e"
              }
            ],
            "subnets": [
              "subnet-01b912e902f245409",
              "subnet-0932ec1a59b27b09e"
            ],
            "tags": {
              "Name": "pihire-load-balancer"
            },
            "tags_all": {
              "Name": "pihire-load-balancer"
            },
            "timeouts": null,
            "vpc_id": "vpc-075a97b2731ec0684",
            "xff_header_processing_mode": "append",
            "zone_id": "ZP97RAFLXTNZK"
          },
          "sensitive_attributes": [],
          "private": "eyJlMmJmYjczMC1lY2FhLTExZTYtOGY4OC0zNDM2M2JjN2M0YzAiOnsiY3JlYXRlIjo2MDAwMDAwMDAwMDAsImRlbGV0ZSI6NjAwMDAwMDAwMDAwLCJ1cGRhdGUiOjYwMDAwMDAwMDAwMH19",
          "dependencies": [
            "module.target_group.aws_lb_target_group.ecs_target_group"
          ]
        }
      ]
    },
    {
      "module": "module.load_balancer",
      "mode": "managed",
      "type": "aws_lb_listener",
      "name": "ecs_listener",
      "provider": "provider[\"registry.terraform.io/hashicorp/aws\"]",
      "instances": [
        {
          "schema_version": 0,
          "attributes": {
            "alpn_policy": null,
            "arn": "arn:aws:elasticloadbalancing:ap-south-1:211125439608:listener/app/pihire-load-balancer/510faec1ec92a0f2/ed4bd409692c0290",
            "certificate_arn": null,
            "default_action": [
              {
                "authenticate_cognito": [],
                "authenticate_oidc": [],
                "fixed_response": [],
                "forward": [],
                "order": 1,
                "redirect": [],
                "target_group_arn": "arn:aws:elasticloadbalancing:ap-south-1:211125439608:targetgroup/pihire-website-target-group-TG/be0a2289a4875f15",
                "type": "forward"
              }
            ],
            "id": "arn:aws:elasticloadbalancing:ap-south-1:211125439608:listener/app/pihire-load-balancer/510faec1ec92a0f2/ed4bd409692c0290",
            "load_balancer_arn": "arn:aws:elasticloadbalancing:ap-south-1:211125439608:loadbalancer/app/pihire-load-balancer/510faec1ec92a0f2",
            "mutual_authentication": [],
            "port": 80,
            "protocol": "HTTP",
            "region": "ap-south-1",
            "routing_http_request_x_amzn_mtls_clientcert_header_name": null,
            "routing_http_request_x_amzn_mtls_clientcert_issuer_header_name": null,
            "routing_http_request_x_amzn_mtls_clientcert_leaf_header_name": null,
            "routing_http_request_x_amzn_mtls_clientcert_serial_number_header_name": null,
            "routing_http_request_x_amzn_mtls_clientcert_subject_header_name": null,
            "routing_http_request_x_amzn_mtls_clientcert_validity_header_name": null,
            "routing_http_request_x_amzn_tls_cipher_suite_header_name": null,
            "routing_http_request_x_amzn_tls_version_header_name": null,
            "routing_http_response_access_control_allow_credentials_header_value": "",
            "routing_http_response_access_control_allow_headers_header_value": "",
            "routing_http_response_access_control_allow_methods_header_value": "",
            "routing_http_response_access_control_allow_origin_header_value": "",
            "routing_http_response_access_control_expose_headers_header_value": "",
            "routing_http_response_access_control_max_age_header_value": "",
            "routing_http_response_content_security_policy_header_value": "",
            "routing_http_response_server_enabled": true,
            "routing_http_response_strict_transport_security_header_value": "",
            "routing_http_response_x_content_type_options_header_value": "",
            "routing_http_response_x_frame_options_header_value": "",
            "ssl_policy": "",
            "tags": null,
            "tags_all": {},
            "tcp_idle_timeout_seconds": null,
            "timeouts": null
          },
          "sensitive_attributes": [],
          "private": "eyJlMmJmYjczMC1lY2FhLTExZTYtOGY4OC0zNDM2M2JjN2M0YzAiOnsiY3JlYXRlIjozMDAwMDAwMDAwMDAsInVwZGF0ZSI6MzAwMDAwMDAwMDAwfX0=",
          "dependencies": [
            "module.load_balancer.aws_lb.ecs_load_balancer",
            "module.target_group.aws_lb_target_group.ecs_target_group"
          ]
        }
      ]
    },
    {
      "module": "module.load_balancer_listener_rules[0]",
      "mode": "managed",
      "type": "aws_lb_listener_rule",
      "name": "ecs_host_rule",
      "provider": "provider[\"registry.terraform.io/hashicorp/aws\"]",
      "instances": [
        {
          "index_key": 0,
          "schema_version": 0,
          "attributes": {
            "action": [
              {
                "authenticate_cognito": [],
                "authenticate_oidc": [],
                "fixed_response": [],
                "forward": [],
                "order": 1,
                "redirect": [],
                "target_group_arn": "arn:aws:elasticloadbalancing:ap-south-1:211125439608:targetgroup/pihire-website-target-group-TG/be0a2289a4875f15",
                "type": "forward"
              }
            ],
            "arn": "arn:aws:elasticloadbalancing:ap-south-1:211125439608:listener-rule/app/pihire-load-balancer/510faec1ec92a0f2/ed4bd409692c0290/8d358218f1205d66",
            "condition": [
              {
                "host_header": [
                  {
                    "values": [
                      "qapihire.paraminfo.com"
                    ]
                  }
                ],
                "http_header": [],
                "http_request_method": [],
                "path_pattern": [],
                "query_string": [],
                "source_ip": []
              }
            ],
            "id": "arn:aws:elasticloadbalancing:ap-south-1:211125439608:listener-rule/app/pihire-load-balancer/510faec1ec92a0f2/ed4bd409692c0290/8d358218f1205d66",
            "listener_arn": "arn:aws:elasticloadbalancing:ap-south-1:211125439608:listener/app/pihire-load-balancer/510faec1ec92a0f2/ed4bd409692c0290",
            "priority": 1,
            "region": "ap-south-1",
            "tags": null,
            "tags_all": {}
          },
          "sensitive_attributes": [],
          "private": "bnVsbA==",
          "dependencies": [
            "module.load_balancer.aws_lb.ecs_load_balancer",
            "module.load_balancer.aws_lb_listener.ecs_listener",
            "module.target_group.aws_lb_target_group.ecs_target_group"
          ]
        },
        {
          "index_key": 1,
          "schema_version": 0,
          "attributes": {
            "action": [
              {
                "authenticate_cognito": [],
                "authenticate_oidc": [],
                "fixed_response": [],
                "forward": [],
                "order": 1,
                "redirect": [],
                "target_group_arn": "arn:aws:elasticloadbalancing:ap-south-1:211125439608:targetgroup/pihire-website-target-group-TG/be0a2289a4875f15",
                "type": "forward"
              }
            ],
            "arn": "arn:aws:elasticloadbalancing:ap-south-1:211125439608:listener-rule/app/pihire-load-balancer/510faec1ec92a0f2/ed4bd409692c0290/8d358218f1205d66",
            "condition": [
              {
                "host_header": [
                  {
                    "values": [
                      "qapihire.paraminfo.com"
                    ]
                  }
                ],
                "http_header": [],
                "http_request_method": [],
                "path_pattern": [],
                "query_string": [],
                "source_ip": []
              }
            ],
            "id": "arn:aws:elasticloadbalancing:ap-south-1:211125439608:listener-rule/app/pihire-load-balancer/510faec1ec92a0f2/ed4bd409692c0290/8d358218f1205d66",
            "listener_arn": "arn:aws:elasticloadbalancing:ap-south-1:211125439608:listener/app/pihire-load-balancer/510faec1ec92a0f2/ed4bd409692c0290",
            "priority": 1,
            "region": "ap-south-1",
            "tags": null,
            "tags_all": {}
          },
          "sensitive_attributes": [],
          "private": "bnVsbA==",
          "dependencies": [
            "module.load_balancer.aws_lb.ecs_load_balancer",
            "module.load_balancer.aws_lb_listener.ecs_listener",
            "module.target_group.aws_lb_target_group.ecs_target_group"
          ]
        },
        {
          "index_key": 2,
          "schema_version": 0,
          "attributes": {
            "action": [
              {
                "authenticate_cognito": [],
                "authenticate_oidc": [],
                "fixed_response": [],
                "forward": [],
                "order": 1,
                "redirect": [],
                "target_group_arn": "arn:aws:elasticloadbalancing:ap-south-1:211125439608:targetgroup/pihire-website-target-group-TG/be0a2289a4875f15",
                "type": "forward"
              }
            ],
            "arn": "arn:aws:elasticloadbalancing:ap-south-1:211125439608:listener-rule/app/pihire-load-balancer/510faec1ec92a0f2/ed4bd409692c0290/8d358218f1205d66",
            "condition": [
              {
                "host_header": [
                  {
                    "values": [
                      "qapihire.paraminfo.com"
                    ]
                  }
                ],
                "http_header": [],
                "http_request_method": [],
                "path_pattern": [],
                "query_string": [],
                "source_ip": []
              }
            ],
            "id": "arn:aws:elasticloadbalancing:ap-south-1:211125439608:listener-rule/app/pihire-load-balancer/510faec1ec92a0f2/ed4bd409692c0290/8d358218f1205d66",
            "listener_arn": "arn:aws:elasticloadbalancing:ap-south-1:211125439608:listener/app/pihire-load-balancer/510faec1ec92a0f2/ed4bd409692c0290",
            "priority": 1,
            "region": "ap-south-1",
            "tags": null,
            "tags_all": {}
          },
          "sensitive_attributes": [],
          "private": "bnVsbA==",
          "dependencies": [
            "module.load_balancer.aws_lb.ecs_load_balancer",
            "module.load_balancer.aws_lb_listener.ecs_listener",
            "module.target_group.aws_lb_target_group.ecs_target_group"
          ]
        },
        {
          "index_key": 3,
          "schema_version": 0,
          "attributes": {
            "action": [
              {
                "authenticate_cognito": [],
                "authenticate_oidc": [],
                "fixed_response": [],
                "forward": [],
                "order": 1,
                "redirect": [],
                "target_group_arn": "arn:aws:elasticloadbalancing:ap-south-1:211125439608:targetgroup/pihire-website-target-group-TG/be0a2289a4875f15",
                "type": "forward"
              }
            ],
            "arn": "arn:aws:elasticloadbalancing:ap-south-1:211125439608:listener-rule/app/pihire-load-balancer/510faec1ec92a0f2/ed4bd409692c0290/8d358218f1205d66",
            "condition": [
              {
                "host_header": [
                  {
                    "values": [
                      "qapihire.paraminfo.com"
                    ]
                  }
                ],
                "http_header": [],
                "http_request_method": [],
                "path_pattern": [],
                "query_string": [],
                "source_ip": []
              }
            ],
            "id": "arn:aws:elasticloadbalancing:ap-south-1:211125439608:listener-rule/app/pihire-load-balancer/510faec1ec92a0f2/ed4bd409692c0290/8d358218f1205d66",
            "listener_arn": "arn:aws:elasticloadbalancing:ap-south-1:211125439608:listener/app/pihire-load-balancer/510faec1ec92a0f2/ed4bd409692c0290",
            "priority": 1,
            "region": "ap-south-1",
            "tags": null,
            "tags_all": {}
          },
          "sensitive_attributes": [],
          "private": "bnVsbA==",
          "dependencies": [
            "module.load_balancer.aws_lb.ecs_load_balancer",
            "module.load_balancer.aws_lb_listener.ecs_listener",
            "module.target_group.aws_lb_target_group.ecs_target_group"
          ]
        },
        {
          "index_key": 4,
          "schema_version": 0,
          "attributes": {
            "action": [
              {
                "authenticate_cognito": [],
                "authenticate_oidc": [],
                "fixed_response": [],
                "forward": [],
                "order": 1,
                "redirect": [],
                "target_group_arn": "arn:aws:elasticloadbalancing:ap-south-1:211125439608:targetgroup/pihire-website-target-group-TG/be0a2289a4875f15",
                "type": "forward"
              }
            ],
            "arn": "arn:aws:elasticloadbalancing:ap-south-1:211125439608:listener-rule/app/pihire-load-balancer/510faec1ec92a0f2/ed4bd409692c0290/8d358218f1205d66",
            "condition": [
              {
                "host_header": [
                  {
                    "values": [
                      "qapihire.paraminfo.com"
                    ]
                  }
                ],
                "http_header": [],
                "http_request_method": [],
                "path_pattern": [],
                "query_string": [],
                "source_ip": []
              }
            ],
            "id": "arn:aws:elasticloadbalancing:ap-south-1:211125439608:listener-rule/app/pihire-load-balancer/510faec1ec92a0f2/ed4bd409692c0290/8d358218f1205d66",
            "listener_arn": "arn:aws:elasticloadbalancing:ap-south-1:211125439608:listener/app/pihire-load-balancer/510faec1ec92a0f2/ed4bd409692c0290",
            "priority": 1,
            "region": "ap-south-1",
            "tags": null,
            "tags_all": {}
          },
          "sensitive_attributes": [],
          "private": "bnVsbA==",
          "dependencies": [
            "module.load_balancer.aws_lb.ecs_load_balancer",
            "module.load_balancer.aws_lb_listener.ecs_listener",
            "module.target_group.aws_lb_target_group.ecs_target_group"
          ]
        },
        {
          "index_key": 5,
          "schema_version": 0,
          "attributes": {
            "action": [
              {
                "authenticate_cognito": [],
                "authenticate_oidc": [],
                "fixed_response": [],
                "forward": [],
                "order": 1,
                "redirect": [],
                "target_group_arn": "arn:aws:elasticloadbalancing:ap-south-1:211125439608:targetgroup/pihire-website-target-group-TG/be0a2289a4875f15",
                "type": "forward"
              }
            ],
            "arn": "arn:aws:elasticloadbalancing:ap-south-1:211125439608:listener-rule/app/pihire-load-balancer/510faec1ec92a0f2/ed4bd409692c0290/8d358218f1205d66",
            "condition": [
              {
                "host_header": [
                  {
                    "values": [
                      "qapihire.paraminfo.com"
                    ]
                  }
                ],
                "http_header": [],
                "http_request_method": [],
                "path_pattern": [],
                "query_string": [],
                "source_ip": []
              }
            ],
            "id": "arn:aws:elasticloadbalancing:ap-south-1:211125439608:listener-rule/app/pihire-load-balancer/510faec1ec92a0f2/ed4bd409692c0290/8d358218f1205d66",
            "listener_arn": "arn:aws:elasticloadbalancing:ap-south-1:211125439608:listener/app/pihire-load-balancer/510faec1ec92a0f2/ed4bd409692c0290",
            "priority": 1,
            "region": "ap-south-1",
            "tags": null,
            "tags_all": {}
          },
          "sensitive_attributes": [],
          "private": "bnVsbA==",
          "dependencies": [
            "module.load_balancer.aws_lb.ecs_load_balancer",
            "module.load_balancer.aws_lb_listener.ecs_listener",
            "module.target_group.aws_lb_target_group.ecs_target_group"
          ]
        },
        {
          "index_key": 6,
          "schema_version": 0,
          "attributes": {
            "action": [
              {
                "authenticate_cognito": [],
                "authenticate_oidc": [],
                "fixed_response": [],
                "forward": [],
                "order": 1,
                "redirect": [],
                "target_group_arn": "arn:aws:elasticloadbalancing:ap-south-1:211125439608:targetgroup/pihire-website-target-group-TG/be0a2289a4875f15",
                "type": "forward"
              }
            ],
            "arn": "arn:aws:elasticloadbalancing:ap-south-1:211125439608:listener-rule/app/pihire-load-balancer/510faec1ec92a0f2/ed4bd409692c0290/8d358218f1205d66",
            "condition": [
              {
                "host_header": [
                  {
                    "values": [
                      "qapihire.paraminfo.com"
                    ]
                  }
                ],
                "http_header": [],
                "http_request_method": [],
                "path_pattern": [],
                "query_string": [],
                "source_ip": []
              }
            ],
            "id": "arn:aws:elasticloadbalancing:ap-south-1:211125439608:listener-rule/app/pihire-load-balancer/510faec1ec92a0f2/ed4bd409692c0290/8d358218f1205d66",
            "listener_arn": "arn:aws:elasticloadbalancing:ap-south-1:211125439608:listener/app/pihire-load-balancer/510faec1ec92a0f2/ed4bd409692c0290",
            "priority": 1,
            "region": "ap-south-1",
            "tags": null,
            "tags_all": {}
          },
          "sensitive_attributes": [],
          "private": "bnVsbA==",
          "dependencies": [
            "module.load_balancer.aws_lb.ecs_load_balancer",
            "module.load_balancer.aws_lb_listener.ecs_listener",
            "module.target_group.aws_lb_target_group.ecs_target_group"
          ]
        },
        {
          "index_key": 7,
          "schema_version": 0,
          "attributes": {
            "action": [
              {
                "authenticate_cognito": [],
                "authenticate_oidc": [],
                "fixed_response": [],
                "forward": [],
                "order": 1,
                "redirect": [],
                "target_group_arn": "arn:aws:elasticloadbalancing:ap-south-1:211125439608:targetgroup/pihire-website-target-group-TG/be0a2289a4875f15",
                "type": "forward"
              }
            ],
            "arn": "arn:aws:elasticloadbalancing:ap-south-1:211125439608:listener-rule/app/pihire-load-balancer/510faec1ec92a0f2/ed4bd409692c0290/8d358218f1205d66",
            "condition": [
              {
                "host_header": [
                  {
                    "values": [
                      "qapihire.paraminfo.com"
                    ]
                  }
                ],
                "http_header": [],
                "http_request_method": [],
                "path_pattern": [],
                "query_string": [],
                "source_ip": []
              }
            ],
            "id": "arn:aws:elasticloadbalancing:ap-south-1:211125439608:listener-rule/app/pihire-load-balancer/510faec1ec92a0f2/ed4bd409692c0290/8d358218f1205d66",
            "listener_arn": "arn:aws:elasticloadbalancing:ap-south-1:211125439608:listener/app/pihire-load-balancer/510faec1ec92a0f2/ed4bd409692c0290",
            "priority": 1,
            "region": "ap-south-1",
            "tags": null,
            "tags_all": {}
          },
          "sensitive_attributes": [],
          "private": "bnVsbA==",
          "dependencies": [
            "module.load_balancer.aws_lb.ecs_load_balancer",
            "module.load_balancer.aws_lb_listener.ecs_listener",
            "module.target_group.aws_lb_target_group.ecs_target_group"
          ]
        },
        {
          "index_key": 8,
          "schema_version": 0,
          "attributes": {
            "action": [
              {
                "authenticate_cognito": [],
                "authenticate_oidc": [],
                "fixed_response": [],
                "forward": [],
                "order": 1,
                "redirect": [],
                "target_group_arn": "arn:aws:elasticloadbalancing:ap-south-1:211125439608:targetgroup/pihire-website-target-group-TG/be0a2289a4875f15",
                "type": "forward"
              }
            ],
            "arn": "arn:aws:elasticloadbalancing:ap-south-1:211125439608:listener-rule/app/pihire-load-balancer/510faec1ec92a0f2/ed4bd409692c0290/8d358218f1205d66",
            "condition": [
              {
                "host_header": [
                  {
                    "values": [
                      "qapihire.paraminfo.com"
                    ]
                  }
                ],
                "http_header": [],
                "http_request_method": [],
                "path_pattern": [],
                "query_string": [],
                "source_ip": []
              }
            ],
            "id": "arn:aws:elasticloadbalancing:ap-south-1:211125439608:listener-rule/app/pihire-load-balancer/510faec1ec92a0f2/ed4bd409692c0290/8d358218f1205d66",
            "listener_arn": "arn:aws:elasticloadbalancing:ap-south-1:211125439608:listener/app/pihire-load-balancer/510faec1ec92a0f2/ed4bd409692c0290",
            "priority": 1,
            "region": "ap-south-1",
            "tags": null,
            "tags_all": {}
          },
          "sensitive_attributes": [],
          "private": "bnVsbA==",
          "dependencies": [
            "module.load_balancer.aws_lb.ecs_load_balancer",
            "module.load_balancer.aws_lb_listener.ecs_listener",
            "module.target_group.aws_lb_target_group.ecs_target_group"
          ]
        },
        {
          "index_key": 9,
          "schema_version": 0,
          "attributes": {
            "action": [
              {
                "authenticate_cognito": [],
                "authenticate_oidc": [],
                "fixed_response": [],
                "forward": [],
                "order": 1,
                "redirect": [],
                "target_group_arn": "arn:aws:elasticloadbalancing:ap-south-1:211125439608:targetgroup/pihire-website-target-group-TG/be0a2289a4875f15",
                "type": "forward"
              }
            ],
            "arn": "arn:aws:elasticloadbalancing:ap-south-1:211125439608:listener-rule/app/pihire-load-balancer/510faec1ec92a0f2/ed4bd409692c0290/8d358218f1205d66",
            "condition": [
              {
                "host_header": [
                  {
                    "values": [
                      "qapihire.paraminfo.com"
                    ]
                  }
                ],
                "http_header": [],
                "http_request_method": [],
                "path_pattern": [],
                "query_string": [],
                "source_ip": []
              }
            ],
            "id": "arn:aws:elasticloadbalancing:ap-south-1:211125439608:listener-rule/app/pihire-load-balancer/510faec1ec92a0f2/ed4bd409692c0290/8d358218f1205d66",
            "listener_arn": "arn:aws:elasticloadbalancing:ap-south-1:211125439608:listener/app/pihire-load-balancer/510faec1ec92a0f2/ed4bd409692c0290",
            "priority": 1,
            "region": "ap-south-1",
            "tags": null,
            "tags_all": {}
          },
          "sensitive_attributes": [],
          "private": "bnVsbA==",
          "dependencies": [
            "module.load_balancer.aws_lb.ecs_load_balancer",
            "module.load_balancer.aws_lb_listener.ecs_listener",
            "module.target_group.aws_lb_target_group.ecs_target_group"
          ]
        },
        {
          "index_key": 10,
          "schema_version": 0,
          "attributes": {
            "action": [
              {
                "authenticate_cognito": [],
                "authenticate_oidc": [],
                "fixed_response": [],
                "forward": [],
                "order": 1,
                "redirect": [],
                "target_group_arn": "arn:aws:elasticloadbalancing:ap-south-1:211125439608:targetgroup/pihire-website-target-group-TG/be0a2289a4875f15",
                "type": "forward"
              }
            ],
            "arn": "arn:aws:elasticloadbalancing:ap-south-1:211125439608:listener-rule/app/pihire-load-balancer/510faec1ec92a0f2/ed4bd409692c0290/8d358218f1205d66",
            "condition": [
              {
                "host_header": [
                  {
                    "values": [
                      "qapihire.paraminfo.com"
                    ]
                  }
                ],
                "http_header": [],
                "http_request_method": [],
                "path_pattern": [],
                "query_string": [],
                "source_ip": []
              }
            ],
            "id": "arn:aws:elasticloadbalancing:ap-south-1:211125439608:listener-rule/app/pihire-load-balancer/510faec1ec92a0f2/ed4bd409692c0290/8d358218f1205d66",
            "listener_arn": "arn:aws:elasticloadbalancing:ap-south-1:211125439608:listener/app/pihire-load-balancer/510faec1ec92a0f2/ed4bd409692c0290",
            "priority": 1,
            "region": "ap-south-1",
            "tags": null,
            "tags_all": {}
          },
          "sensitive_attributes": [],
          "private": "bnVsbA==",
          "dependencies": [
            "module.load_balancer.aws_lb.ecs_load_balancer",
            "module.load_balancer.aws_lb_listener.ecs_listener",
            "module.target_group.aws_lb_target_group.ecs_target_group"
          ]
        },
        {
          "index_key": 11,
          "schema_version": 0,
          "attributes": {
            "action": [
              {
                "authenticate_cognito": [],
                "authenticate_oidc": [],
                "fixed_response": [],
                "forward": [],
                "order": 1,
                "redirect": [],
                "target_group_arn": "arn:aws:elasticloadbalancing:ap-south-1:211125439608:targetgroup/pihire-website-target-group-TG/be0a2289a4875f15",
                "type": "forward"
              }
            ],
            "arn": "arn:aws:elasticloadbalancing:ap-south-1:211125439608:listener-rule/app/pihire-load-balancer/510faec1ec92a0f2/ed4bd409692c0290/8d358218f1205d66",
            "condition": [
              {
                "host_header": [
                  {
                    "values": [
                      "qapihire.paraminfo.com"
                    ]
                  }
                ],
                "http_header": [],
                "http_request_method": [],
                "path_pattern": [],
                "query_string": [],
                "source_ip": []
              }
            ],
            "id": "arn:aws:elasticloadbalancing:ap-south-1:211125439608:listener-rule/app/pihire-load-balancer/510faec1ec92a0f2/ed4bd409692c0290/8d358218f1205d66",
            "listener_arn": "arn:aws:elasticloadbalancing:ap-south-1:211125439608:listener/app/pihire-load-balancer/510faec1ec92a0f2/ed4bd409692c0290",
            "priority": 1,
            "region": "ap-south-1",
            "tags": null,
            "tags_all": {}
          },
          "sensitive_attributes": [],
          "private": "bnVsbA==",
          "dependencies": [
            "module.load_balancer.aws_lb.ecs_load_balancer",
            "module.load_balancer.aws_lb_listener.ecs_listener",
            "module.target_group.aws_lb_target_group.ecs_target_group"
          ]
        },
        {
          "index_key": 12,
          "schema_version": 0,
          "attributes": {
            "action": [
              {
                "authenticate_cognito": [],
                "authenticate_oidc": [],
                "fixed_response": [],
                "forward": [],
                "order": 1,
                "redirect": [],
                "target_group_arn": "arn:aws:elasticloadbalancing:ap-south-1:211125439608:targetgroup/pihire-website-target-group-TG/be0a2289a4875f15",
                "type": "forward"
              }
            ],
            "arn": "arn:aws:elasticloadbalancing:ap-south-1:211125439608:listener-rule/app/pihire-load-balancer/510faec1ec92a0f2/ed4bd409692c0290/8d358218f1205d66",
            "condition": [
              {
                "host_header": [
                  {
                    "values": [
                      "qapihire.paraminfo.com"
                    ]
                  }
                ],
                "http_header": [],
                "http_request_method": [],
                "path_pattern": [],
                "query_string": [],
                "source_ip": []
              }
            ],
            "id": "arn:aws:elasticloadbalancing:ap-south-1:211125439608:listener-rule/app/pihire-load-balancer/510faec1ec92a0f2/ed4bd409692c0290/8d358218f1205d66",
            "listener_arn": "arn:aws:elasticloadbalancing:ap-south-1:211125439608:listener/app/pihire-load-balancer/510faec1ec92a0f2/ed4bd409692c0290",
            "priority": 1,
            "region": "ap-south-1",
            "tags": null,
            "tags_all": {}
          },
          "sensitive_attributes": [],
          "private": "bnVsbA==",
          "dependencies": [
            "module.load_balancer.aws_lb.ecs_load_balancer",
            "module.load_balancer.aws_lb_listener.ecs_listener",
            "module.target_group.aws_lb_target_group.ecs_target_group"
          ]
        },
        {
          "index_key": 13,
          "schema_version": 0,
          "attributes": {
            "action": [
              {
                "authenticate_cognito": [],
                "authenticate_oidc": [],
                "fixed_response": [],
                "forward": [],
                "order": 1,
                "redirect": [],
                "target_group_arn": "arn:aws:elasticloadbalancing:ap-south-1:211125439608:targetgroup/pihire-website-target-group-TG/be0a2289a4875f15",
                "type": "forward"
              }
            ],
            "arn": "arn:aws:elasticloadbalancing:ap-south-1:211125439608:listener-rule/app/pihire-load-balancer/510faec1ec92a0f2/ed4bd409692c0290/8d358218f1205d66",
            "condition": [
              {
                "host_header": [
                  {
                    "values": [
                      "qapihire.paraminfo.com"
                    ]
                  }
                ],
                "http_header": [],
                "http_request_method": [],
                "path_pattern": [],
                "query_string": [],
                "source_ip": []
              }
            ],
            "id": "arn:aws:elasticloadbalancing:ap-south-1:211125439608:listener-rule/app/pihire-load-balancer/510faec1ec92a0f2/ed4bd409692c0290/8d358218f1205d66",
            "listener_arn": "arn:aws:elasticloadbalancing:ap-south-1:211125439608:listener/app/pihire-load-balancer/510faec1ec92a0f2/ed4bd409692c0290",
            "priority": 1,
            "region": "ap-south-1",
            "tags": null,
            "tags_all": {}
          },
          "sensitive_attributes": [],
          "private": "bnVsbA==",
          "dependencies": [
            "module.load_balancer.aws_lb.ecs_load_balancer",
            "module.load_balancer.aws_lb_listener.ecs_listener",
            "module.target_group.aws_lb_target_group.ecs_target_group"
          ]
        },
        {
          "index_key": 14,
          "schema_version": 0,
          "attributes": {
            "action": [
              {
                "authenticate_cognito": [],
                "authenticate_oidc": [],
                "fixed_response": [],
                "forward": [],
                "order": 1,
                "redirect": [],
                "target_group_arn": "arn:aws:elasticloadbalancing:ap-south-1:211125439608:targetgroup/pihire-website-target-group-TG/be0a2289a4875f15",
                "type": "forward"
              }
            ],
            "arn": "arn:aws:elasticloadbalancing:ap-south-1:211125439608:listener-rule/app/pihire-load-balancer/510faec1ec92a0f2/ed4bd409692c0290/8d358218f1205d66",
            "condition": [
              {
                "host_header": [
                  {
                    "values": [
                      "qapihire.paraminfo.com"
                    ]
                  }
                ],
                "http_header": [],
                "http_request_method": [],
                "path_pattern": [],
                "query_string": [],
                "source_ip": []
              }
            ],
            "id": "arn:aws:elasticloadbalancing:ap-south-1:211125439608:listener-rule/app/pihire-load-balancer/510faec1ec92a0f2/ed4bd409692c0290/8d358218f1205d66",
            "listener_arn": "arn:aws:elasticloadbalancing:ap-south-1:211125439608:listener/app/pihire-load-balancer/510faec1ec92a0f2/ed4bd409692c0290",
            "priority": 1,
            "region": "ap-south-1",
            "tags": null,
            "tags_all": {}
          },
          "sensitive_attributes": [],
          "private": "bnVsbA==",
          "dependencies": [
            "module.load_balancer.aws_lb.ecs_load_balancer",
            "module.load_balancer.aws_lb_listener.ecs_listener",
            "module.target_group.aws_lb_target_group.ecs_target_group"
          ]
        },
        {
          "index_key": 15,
          "schema_version": 0,
          "attributes": {
            "action": [
              {
                "authenticate_cognito": [],
                "authenticate_oidc": [],
                "fixed_response": [],
                "forward": [],
                "order": 1,
                "redirect": [],
                "target_group_arn": "arn:aws:elasticloadbalancing:ap-south-1:211125439608:targetgroup/pihire-website-target-group-TG/be0a2289a4875f15",
                "type": "forward"
              }
            ],
            "arn": "arn:aws:elasticloadbalancing:ap-south-1:211125439608:listener-rule/app/pihire-load-balancer/510faec1ec92a0f2/ed4bd409692c0290/8d358218f1205d66",
            "condition": [
              {
                "host_header": [
                  {
                    "values": [
                      "qapihire.paraminfo.com"
                    ]
                  }
                ],
                "http_header": [],
                "http_request_method": [],
                "path_pattern": [],
                "query_string": [],
                "source_ip": []
              }
            ],
            "id": "arn:aws:elasticloadbalancing:ap-south-1:211125439608:listener-rule/app/pihire-load-balancer/510faec1ec92a0f2/ed4bd409692c0290/8d358218f1205d66",
            "listener_arn": "arn:aws:elasticloadbalancing:ap-south-1:211125439608:listener/app/pihire-load-balancer/510faec1ec92a0f2/ed4bd409692c0290",
            "priority": 1,
            "region": "ap-south-1",
            "tags": null,
            "tags_all": {}
          },
          "sensitive_attributes": [],
          "private": "bnVsbA==",
          "dependencies": [
            "module.load_balancer.aws_lb.ecs_load_balancer",
            "module.load_balancer.aws_lb_listener.ecs_listener",
            "module.target_group.aws_lb_target_group.ecs_target_group"
          ]
        },
        {
          "index_key": 16,
          "schema_version": 0,
          "attributes": {
            "action": [
              {
                "authenticate_cognito": [],
                "authenticate_oidc": [],
                "fixed_response": [],
                "forward": [],
                "order": 1,
                "redirect": [],
                "target_group_arn": "arn:aws:elasticloadbalancing:ap-south-1:211125439608:targetgroup/pihire-website-target-group-TG/be0a2289a4875f15",
                "type": "forward"
              }
            ],
            "arn": "arn:aws:elasticloadbalancing:ap-south-1:211125439608:listener-rule/app/pihire-load-balancer/510faec1ec92a0f2/ed4bd409692c0290/8d358218f1205d66",
            "condition": [
              {
                "host_header": [
                  {
                    "values": [
                      "qapihire.paraminfo.com"
                    ]
                  }
                ],
                "http_header": [],
                "http_request_method": [],
                "path_pattern": [],
                "query_string": [],
                "source_ip": []
              }
            ],
            "id": "arn:aws:elasticloadbalancing:ap-south-1:211125439608:listener-rule/app/pihire-load-balancer/510faec1ec92a0f2/ed4bd409692c0290/8d358218f1205d66",
            "listener_arn": "arn:aws:elasticloadbalancing:ap-south-1:211125439608:listener/app/pihire-load-balancer/510faec1ec92a0f2/ed4bd409692c0290",
            "priority": 1,
            "region": "ap-south-1",
            "tags": null,
            "tags_all": {}
          },
          "sensitive_attributes": [],
          "private": "bnVsbA==",
          "dependencies": [
            "module.load_balancer.aws_lb.ecs_load_balancer",
            "module.load_balancer.aws_lb_listener.ecs_listener",
            "module.target_group.aws_lb_target_group.ecs_target_group"
          ]
        },
        {
          "index_key": 17,
          "schema_version": 0,
          "attributes": {
            "action": [
              {
                "authenticate_cognito": [],
                "authenticate_oidc": [],
                "fixed_response": [],
                "forward": [],
                "order": 1,
                "redirect": [],
                "target_group_arn": "arn:aws:elasticloadbalancing:ap-south-1:211125439608:targetgroup/pihire-website-target-group-TG/be0a2289a4875f15",
                "type": "forward"
              }
            ],
            "arn": "arn:aws:elasticloadbalancing:ap-south-1:211125439608:listener-rule/app/pihire-load-balancer/510faec1ec92a0f2/ed4bd409692c0290/8d358218f1205d66",
            "condition": [
              {
                "host_header": [
                  {
                    "values": [
                      "qapihire.paraminfo.com"
                    ]
                  }
                ],
                "http_header": [],
                "http_request_method": [],
                "path_pattern": [],
                "query_string": [],
                "source_ip": []
              }
            ],
            "id": "arn:aws:elasticloadbalancing:ap-south-1:211125439608:listener-rule/app/pihire-load-balancer/510faec1ec92a0f2/ed4bd409692c0290/8d358218f1205d66",
            "listener_arn": "arn:aws:elasticloadbalancing:ap-south-1:211125439608:listener/app/pihire-load-balancer/510faec1ec92a0f2/ed4bd409692c0290",
            "priority": 1,
            "region": "ap-south-1",
            "tags": null,
            "tags_all": {}
          },
          "sensitive_attributes": [],
          "private": "bnVsbA==",
          "dependencies": [
            "module.load_balancer.aws_lb.ecs_load_balancer",
            "module.load_balancer.aws_lb_listener.ecs_listener",
            "module.target_group.aws_lb_target_group.ecs_target_group"
          ]
        },
        {
          "index_key": 18,
          "schema_version": 0,
          "attributes": {
            "action": [
              {
                "authenticate_cognito": [],
                "authenticate_oidc": [],
                "fixed_response": [],
                "forward": [],
                "order": 1,
                "redirect": [],
                "target_group_arn": "arn:aws:elasticloadbalancing:ap-south-1:211125439608:targetgroup/pihire-website-target-group-TG/be0a2289a4875f15",
                "type": "forward"
              }
            ],
            "arn": "arn:aws:elasticloadbalancing:ap-south-1:211125439608:listener-rule/app/pihire-load-balancer/510faec1ec92a0f2/ed4bd409692c0290/8d358218f1205d66",
            "condition": [
              {
                "host_header": [
                  {
                    "values": [
                      "qapihire.paraminfo.com"
                    ]
                  }
                ],
                "http_header": [],
                "http_request_method": [],
                "path_pattern": [],
                "query_string": [],
                "source_ip": []
              }
            ],
            "id": "arn:aws:elasticloadbalancing:ap-south-1:211125439608:listener-rule/app/pihire-load-balancer/510faec1ec92a0f2/ed4bd409692c0290/8d358218f1205d66",
            "listener_arn": "arn:aws:elasticloadbalancing:ap-south-1:211125439608:listener/app/pihire-load-balancer/510faec1ec92a0f2/ed4bd409692c0290",
            "priority": 1,
            "region": "ap-south-1",
            "tags": null,
            "tags_all": {}
          },
          "sensitive_attributes": [],
          "private": "bnVsbA==",
          "dependencies": [
            "module.load_balancer.aws_lb.ecs_load_balancer",
            "module.load_balancer.aws_lb_listener.ecs_listener",
            "module.target_group.aws_lb_target_group.ecs_target_group"
          ]
        },
        {
          "index_key": 19,
          "schema_version": 0,
          "attributes": {
            "action": [
              {
                "authenticate_cognito": [],
                "authenticate_oidc": [],
                "fixed_response": [],
                "forward": [],
                "order": 1,
                "redirect": [],
                "target_group_arn": "arn:aws:elasticloadbalancing:ap-south-1:211125439608:targetgroup/pihire-website-target-group-TG/be0a2289a4875f15",
                "type": "forward"
              }
            ],
            "arn": "arn:aws:elasticloadbalancing:ap-south-1:211125439608:listener-rule/app/pihire-load-balancer/510faec1ec92a0f2/ed4bd409692c0290/8d358218f1205d66",
            "condition": [
              {
                "host_header": [
                  {
                    "values": [
                      "qapihire.paraminfo.com"
                    ]
                  }
                ],
                "http_header": [],
                "http_request_method": [],
                "path_pattern": [],
                "query_string": [],
                "source_ip": []
              }
            ],
            "id": "arn:aws:elasticloadbalancing:ap-south-1:211125439608:listener-rule/app/pihire-load-balancer/510faec1ec92a0f2/ed4bd409692c0290/8d358218f1205d66",
            "listener_arn": "arn:aws:elasticloadbalancing:ap-south-1:211125439608:listener/app/pihire-load-balancer/510faec1ec92a0f2/ed4bd409692c0290",
            "priority": 1,
            "region": "ap-south-1",
            "tags": null,
            "tags_all": {}
          },
          "sensitive_attributes": [],
          "private": "bnVsbA==",
          "dependencies": [
            "module.load_balancer.aws_lb.ecs_load_balancer",
            "module.load_balancer.aws_lb_listener.ecs_listener",
            "module.target_group.aws_lb_target_group.ecs_target_group"
          ]
        },
        {
          "index_key": 20,
          "schema_version": 0,
          "attributes": {
            "action": [
              {
                "authenticate_cognito": [],
                "authenticate_oidc": [],
                "fixed_response": [],
                "forward": [],
                "order": 1,
                "redirect": [],
                "target_group_arn": "arn:aws:elasticloadbalancing:ap-south-1:211125439608:targetgroup/pihire-website-target-group-TG/be0a2289a4875f15",
                "type": "forward"
              }
            ],
            "arn": "arn:aws:elasticloadbalancing:ap-south-1:211125439608:listener-rule/app/pihire-load-balancer/510faec1ec92a0f2/ed4bd409692c0290/8d358218f1205d66",
            "condition": [
              {
                "host_header": [
                  {
                    "values": [
                      "qapihire.paraminfo.com"
                    ]
                  }
                ],
                "http_header": [],
                "http_request_method": [],
                "path_pattern": [],
                "query_string": [],
                "source_ip": []
              }
            ],
            "id": "arn:aws:elasticloadbalancing:ap-south-1:211125439608:listener-rule/app/pihire-load-balancer/510faec1ec92a0f2/ed4bd409692c0290/8d358218f1205d66",
            "listener_arn": "arn:aws:elasticloadbalancing:ap-south-1:211125439608:listener/app/pihire-load-balancer/510faec1ec92a0f2/ed4bd409692c0290",
            "priority": 1,
            "region": "ap-south-1",
            "tags": null,
            "tags_all": {}
          },
          "sensitive_attributes": [],
          "private": "bnVsbA==",
          "dependencies": [
            "module.load_balancer.aws_lb.ecs_load_balancer",
            "module.load_balancer.aws_lb_listener.ecs_listener",
            "module.target_group.aws_lb_target_group.ecs_target_group"
          ]
        },
        {
          "index_key": 21,
          "schema_version": 0,
          "attributes": {
            "action": [
              {
                "authenticate_cognito": [],
                "authenticate_oidc": [],
                "fixed_response": [],
                "forward": [],
                "order": 1,
                "redirect": [],
                "target_group_arn": "arn:aws:elasticloadbalancing:ap-south-1:211125439608:targetgroup/pihire-website-target-group-TG/be0a2289a4875f15",
                "type": "forward"
              }
            ],
            "arn": "arn:aws:elasticloadbalancing:ap-south-1:211125439608:listener-rule/app/pihire-load-balancer/510faec1ec92a0f2/ed4bd409692c0290/8d358218f1205d66",
            "condition": [
              {
                "host_header": [
                  {
                    "values": [
                      "qapihire.paraminfo.com"
                    ]
                  }
                ],
                "http_header": [],
                "http_request_method": [],
                "path_pattern": [],
                "query_string": [],
                "source_ip": []
              }
            ],
            "id": "arn:aws:elasticloadbalancing:ap-south-1:211125439608:listener-rule/app/pihire-load-balancer/510faec1ec92a0f2/ed4bd409692c0290/8d358218f1205d66",
            "listener_arn": "arn:aws:elasticloadbalancing:ap-south-1:211125439608:listener/app/pihire-load-balancer/510faec1ec92a0f2/ed4bd409692c0290",
            "priority": 1,
            "region": "ap-south-1",
            "tags": null,
            "tags_all": {}
          },
          "sensitive_attributes": [],
          "private": "bnVsbA==",
          "dependencies": [
            "module.load_balancer.aws_lb.ecs_load_balancer",
            "module.load_balancer.aws_lb_listener.ecs_listener",
            "module.target_group.aws_lb_target_group.ecs_target_group"
          ]
        }
      ]
    },
    {
      "module": "module.load_balancer_listener_rules[1]",
      "mode": "managed",
      "type": "aws_lb_listener_rule",
      "name": "ecs_host_rule",
      "provider": "provider[\"registry.terraform.io/hashicorp/aws\"]",
      "instances": [
        {
          "index_key": 0,
          "schema_version": 0,
          "attributes": {
            "action": [
              {
                "authenticate_cognito": [],
                "authenticate_oidc": [],
                "fixed_response": [],
                "forward": [],
                "order": 1,
                "redirect": [],
                "target_group_arn": "arn:aws:elasticloadbalancing:ap-south-1:211125439608:targetgroup/pihire-api-target-group-TG/9796f53b0e669cd3",
                "type": "forward"
              }
            ],
            "arn": "arn:aws:elasticloadbalancing:ap-south-1:211125439608:listener-rule/app/pihire-load-balancer/510faec1ec92a0f2/ed4bd409692c0290/b7618ed816f58064",
            "condition": [
              {
                "host_header": [
                  {
                    "values": [
                      "qapihireapi.paraminfo.com"
                    ]
                  }
                ],
                "http_header": [],
                "http_request_method": [],
                "path_pattern": [],
                "query_string": [],
                "source_ip": []
              }
            ],
            "id": "arn:aws:elasticloadbalancing:ap-south-1:211125439608:listener-rule/app/pihire-load-balancer/510faec1ec92a0f2/ed4bd409692c0290/b7618ed816f58064",
            "listener_arn": "arn:aws:elasticloadbalancing:ap-south-1:211125439608:listener/app/pihire-load-balancer/510faec1ec92a0f2/ed4bd409692c0290",
            "priority": 2,
            "region": "ap-south-1",
            "tags": null,
            "tags_all": {}
          },
          "sensitive_attributes": [],
          "private": "bnVsbA==",
          "dependencies": [
            "module.load_balancer.aws_lb.ecs_load_balancer",
            "module.load_balancer.aws_lb_listener.ecs_listener",
            "module.target_group.aws_lb_target_group.ecs_target_group"
          ]
        },
        {
          "index_key": 1,
          "schema_version": 0,
          "attributes": {
            "action": [
              {
                "authenticate_cognito": [],
                "authenticate_oidc": [],
                "fixed_response": [],
                "forward": [],
                "order": 1,
                "redirect": [],
                "target_group_arn": "arn:aws:elasticloadbalancing:ap-south-1:211125439608:targetgroup/pihire-api-target-group-TG/9796f53b0e669cd3",
                "type": "forward"
              }
            ],
            "arn": "arn:aws:elasticloadbalancing:ap-south-1:211125439608:listener-rule/app/pihire-load-balancer/510faec1ec92a0f2/ed4bd409692c0290/b7618ed816f58064",
            "condition": [
              {
                "host_header": [
                  {
                    "values": [
                      "qapihireapi.paraminfo.com"
                    ]
                  }
                ],
                "http_header": [],
                "http_request_method": [],
                "path_pattern": [],
                "query_string": [],
                "source_ip": []
              }
            ],
            "id": "arn:aws:elasticloadbalancing:ap-south-1:211125439608:listener-rule/app/pihire-load-balancer/510faec1ec92a0f2/ed4bd409692c0290/b7618ed816f58064",
            "listener_arn": "arn:aws:elasticloadbalancing:ap-south-1:211125439608:listener/app/pihire-load-balancer/510faec1ec92a0f2/ed4bd409692c0290",
            "priority": 2,
            "region": "ap-south-1",
            "tags": null,
            "tags_all": {}
          },
          "sensitive_attributes": [],
          "private": "bnVsbA==",
          "dependencies": [
            "module.load_balancer.aws_lb.ecs_load_balancer",
            "module.load_balancer.aws_lb_listener.ecs_listener",
            "module.target_group.aws_lb_target_group.ecs_target_group"
          ]
        },
        {
          "index_key": 2,
          "schema_version": 0,
          "attributes": {
            "action": [
              {
                "authenticate_cognito": [],
                "authenticate_oidc": [],
                "fixed_response": [],
                "forward": [],
                "order": 1,
                "redirect": [],
                "target_group_arn": "arn:aws:elasticloadbalancing:ap-south-1:211125439608:targetgroup/pihire-api-target-group-TG/9796f53b0e669cd3",
                "type": "forward"
              }
            ],
            "arn": "arn:aws:elasticloadbalancing:ap-south-1:211125439608:listener-rule/app/pihire-load-balancer/510faec1ec92a0f2/ed4bd409692c0290/b7618ed816f58064",
            "condition": [
              {
                "host_header": [
                  {
                    "values": [
                      "qapihireapi.paraminfo.com"
                    ]
                  }
                ],
                "http_header": [],
                "http_request_method": [],
                "path_pattern": [],
                "query_string": [],
                "source_ip": []
              }
            ],
            "id": "arn:aws:elasticloadbalancing:ap-south-1:211125439608:listener-rule/app/pihire-load-balancer/510faec1ec92a0f2/ed4bd409692c0290/b7618ed816f58064",
            "listener_arn": "arn:aws:elasticloadbalancing:ap-south-1:211125439608:listener/app/pihire-load-balancer/510faec1ec92a0f2/ed4bd409692c0290",
            "priority": 2,
            "region": "ap-south-1",
            "tags": null,
            "tags_all": {}
          },
          "sensitive_attributes": [],
          "private": "bnVsbA==",
          "dependencies": [
            "module.load_balancer.aws_lb.ecs_load_balancer",
            "module.load_balancer.aws_lb_listener.ecs_listener",
            "module.target_group.aws_lb_target_group.ecs_target_group"
          ]
        },
        {
          "index_key": 3,
          "schema_version": 0,
          "attributes": {
            "action": [
              {
                "authenticate_cognito": [],
                "authenticate_oidc": [],
                "fixed_response": [],
                "forward": [],
                "order": 1,
                "redirect": [],
                "target_group_arn": "arn:aws:elasticloadbalancing:ap-south-1:211125439608:targetgroup/pihire-api-target-group-TG/9796f53b0e669cd3",
                "type": "forward"
              }
            ],
            "arn": "arn:aws:elasticloadbalancing:ap-south-1:211125439608:listener-rule/app/pihire-load-balancer/510faec1ec92a0f2/ed4bd409692c0290/b7618ed816f58064",
            "condition": [
              {
                "host_header": [
                  {
                    "values": [
                      "qapihireapi.paraminfo.com"
                    ]
                  }
                ],
                "http_header": [],
                "http_request_method": [],
                "path_pattern": [],
                "query_string": [],
                "source_ip": []
              }
            ],
            "id": "arn:aws:elasticloadbalancing:ap-south-1:211125439608:listener-rule/app/pihire-load-balancer/510faec1ec92a0f2/ed4bd409692c0290/b7618ed816f58064",
            "listener_arn": "arn:aws:elasticloadbalancing:ap-south-1:211125439608:listener/app/pihire-load-balancer/510faec1ec92a0f2/ed4bd409692c0290",
            "priority": 2,
            "region": "ap-south-1",
            "tags": null,
            "tags_all": {}
          },
          "sensitive_attributes": [],
          "private": "bnVsbA==",
          "dependencies": [
            "module.load_balancer.aws_lb.ecs_load_balancer",
            "module.load_balancer.aws_lb_listener.ecs_listener",
            "module.target_group.aws_lb_target_group.ecs_target_group"
          ]
        },
        {
          "index_key": 4,
          "schema_version": 0,
          "attributes": {
            "action": [
              {
                "authenticate_cognito": [],
                "authenticate_oidc": [],
                "fixed_response": [],
                "forward": [],
                "order": 1,
                "redirect": [],
                "target_group_arn": "arn:aws:elasticloadbalancing:ap-south-1:211125439608:targetgroup/pihire-api-target-group-TG/9796f53b0e669cd3",
                "type": "forward"
              }
            ],
            "arn": "arn:aws:elasticloadbalancing:ap-south-1:211125439608:listener-rule/app/pihire-load-balancer/510faec1ec92a0f2/ed4bd409692c0290/b7618ed816f58064",
            "condition": [
              {
                "host_header": [
                  {
                    "values": [
                      "qapihireapi.paraminfo.com"
                    ]
                  }
                ],
                "http_header": [],
                "http_request_method": [],
                "path_pattern": [],
                "query_string": [],
                "source_ip": []
              }
            ],
            "id": "arn:aws:elasticloadbalancing:ap-south-1:211125439608:listener-rule/app/pihire-load-balancer/510faec1ec92a0f2/ed4bd409692c0290/b7618ed816f58064",
            "listener_arn": "arn:aws:elasticloadbalancing:ap-south-1:211125439608:listener/app/pihire-load-balancer/510faec1ec92a0f2/ed4bd409692c0290",
            "priority": 2,
            "region": "ap-south-1",
            "tags": null,
            "tags_all": {}
          },
          "sensitive_attributes": [],
          "private": "bnVsbA==",
          "dependencies": [
            "module.load_balancer.aws_lb.ecs_load_balancer",
            "module.load_balancer.aws_lb_listener.ecs_listener",
            "module.target_group.aws_lb_target_group.ecs_target_group"
          ]
        },
        {
          "index_key": 5,
          "schema_version": 0,
          "attributes": {
            "action": [
              {
                "authenticate_cognito": [],
                "authenticate_oidc": [],
                "fixed_response": [],
                "forward": [],
                "order": 1,
                "redirect": [],
                "target_group_arn": "arn:aws:elasticloadbalancing:ap-south-1:211125439608:targetgroup/pihire-api-target-group-TG/9796f53b0e669cd3",
                "type": "forward"
              }
            ],
            "arn": "arn:aws:elasticloadbalancing:ap-south-1:211125439608:listener-rule/app/pihire-load-balancer/510faec1ec92a0f2/ed4bd409692c0290/b7618ed816f58064",
            "condition": [
              {
                "host_header": [
                  {
                    "values": [
                      "qapihireapi.paraminfo.com"
                    ]
                  }
                ],
                "http_header": [],
                "http_request_method": [],
                "path_pattern": [],
                "query_string": [],
                "source_ip": []
              }
            ],
            "id": "arn:aws:elasticloadbalancing:ap-south-1:211125439608:listener-rule/app/pihire-load-balancer/510faec1ec92a0f2/ed4bd409692c0290/b7618ed816f58064",
            "listener_arn": "arn:aws:elasticloadbalancing:ap-south-1:211125439608:listener/app/pihire-load-balancer/510faec1ec92a0f2/ed4bd409692c0290",
            "priority": 2,
            "region": "ap-south-1",
            "tags": null,
            "tags_all": {}
          },
          "sensitive_attributes": [],
          "private": "bnVsbA==",
          "dependencies": [
            "module.load_balancer.aws_lb.ecs_load_balancer",
            "module.load_balancer.aws_lb_listener.ecs_listener",
            "module.target_group.aws_lb_target_group.ecs_target_group"
          ]
        },
        {
          "index_key": 6,
          "schema_version": 0,
          "attributes": {
            "action": [
              {
                "authenticate_cognito": [],
                "authenticate_oidc": [],
                "fixed_response": [],
                "forward": [],
                "order": 1,
                "redirect": [],
                "target_group_arn": "arn:aws:elasticloadbalancing:ap-south-1:211125439608:targetgroup/pihire-api-target-group-TG/9796f53b0e669cd3",
                "type": "forward"
              }
            ],
            "arn": "arn:aws:elasticloadbalancing:ap-south-1:211125439608:listener-rule/app/pihire-load-balancer/510faec1ec92a0f2/ed4bd409692c0290/b7618ed816f58064",
            "condition": [
              {
                "host_header": [
                  {
                    "values": [
                      "qapihireapi.paraminfo.com"
                    ]
                  }
                ],
                "http_header": [],
                "http_request_method": [],
                "path_pattern": [],
                "query_string": [],
                "source_ip": []
              }
            ],
            "id": "arn:aws:elasticloadbalancing:ap-south-1:211125439608:listener-rule/app/pihire-load-balancer/510faec1ec92a0f2/ed4bd409692c0290/b7618ed816f58064",
            "listener_arn": "arn:aws:elasticloadbalancing:ap-south-1:211125439608:listener/app/pihire-load-balancer/510faec1ec92a0f2/ed4bd409692c0290",
            "priority": 2,
            "region": "ap-south-1",
            "tags": null,
            "tags_all": {}
          },
          "sensitive_attributes": [],
          "private": "bnVsbA==",
          "dependencies": [
            "module.load_balancer.aws_lb.ecs_load_balancer",
            "module.load_balancer.aws_lb_listener.ecs_listener",
            "module.target_group.aws_lb_target_group.ecs_target_group"
          ]
        },
        {
          "index_key": 7,
          "schema_version": 0,
          "attributes": {
            "action": [
              {
                "authenticate_cognito": [],
                "authenticate_oidc": [],
                "fixed_response": [],
                "forward": [],
                "order": 1,
                "redirect": [],
                "target_group_arn": "arn:aws:elasticloadbalancing:ap-south-1:211125439608:targetgroup/pihire-api-target-group-TG/9796f53b0e669cd3",
                "type": "forward"
              }
            ],
            "arn": "arn:aws:elasticloadbalancing:ap-south-1:211125439608:listener-rule/app/pihire-load-balancer/510faec1ec92a0f2/ed4bd409692c0290/b7618ed816f58064",
            "condition": [
              {
                "host_header": [
                  {
                    "values": [
                      "qapihireapi.paraminfo.com"
                    ]
                  }
                ],
                "http_header": [],
                "http_request_method": [],
                "path_pattern": [],
                "query_string": [],
                "source_ip": []
              }
            ],
            "id": "arn:aws:elasticloadbalancing:ap-south-1:211125439608:listener-rule/app/pihire-load-balancer/510faec1ec92a0f2/ed4bd409692c0290/b7618ed816f58064",
            "listener_arn": "arn:aws:elasticloadbalancing:ap-south-1:211125439608:listener/app/pihire-load-balancer/510faec1ec92a0f2/ed4bd409692c0290",
            "priority": 2,
            "region": "ap-south-1",
            "tags": null,
            "tags_all": {}
          },
          "sensitive_attributes": [],
          "private": "bnVsbA==",
          "dependencies": [
            "module.load_balancer.aws_lb.ecs_load_balancer",
            "module.load_balancer.aws_lb_listener.ecs_listener",
            "module.target_group.aws_lb_target_group.ecs_target_group"
          ]
        },
        {
          "index_key": 8,
          "schema_version": 0,
          "attributes": {
            "action": [
              {
                "authenticate_cognito": [],
                "authenticate_oidc": [],
                "fixed_response": [],
                "forward": [],
                "order": 1,
                "redirect": [],
                "target_group_arn": "arn:aws:elasticloadbalancing:ap-south-1:211125439608:targetgroup/pihire-api-target-group-TG/9796f53b0e669cd3",
                "type": "forward"
              }
            ],
            "arn": "arn:aws:elasticloadbalancing:ap-south-1:211125439608:listener-rule/app/pihire-load-balancer/510faec1ec92a0f2/ed4bd409692c0290/b7618ed816f58064",
            "condition": [
              {
                "host_header": [
                  {
                    "values": [
                      "qapihireapi.paraminfo.com"
                    ]
                  }
                ],
                "http_header": [],
                "http_request_method": [],
                "path_pattern": [],
                "query_string": [],
                "source_ip": []
              }
            ],
            "id": "arn:aws:elasticloadbalancing:ap-south-1:211125439608:listener-rule/app/pihire-load-balancer/510faec1ec92a0f2/ed4bd409692c0290/b7618ed816f58064",
            "listener_arn": "arn:aws:elasticloadbalancing:ap-south-1:211125439608:listener/app/pihire-load-balancer/510faec1ec92a0f2/ed4bd409692c0290",
            "priority": 2,
            "region": "ap-south-1",
            "tags": null,
            "tags_all": {}
          },
          "sensitive_attributes": [],
          "private": "bnVsbA==",
          "dependencies": [
            "module.load_balancer.aws_lb.ecs_load_balancer",
            "module.load_balancer.aws_lb_listener.ecs_listener",
            "module.target_group.aws_lb_target_group.ecs_target_group"
          ]
        },
        {
          "index_key": 9,
          "schema_version": 0,
          "attributes": {
            "action": [
              {
                "authenticate_cognito": [],
                "authenticate_oidc": [],
                "fixed_response": [],
                "forward": [],
                "order": 1,
                "redirect": [],
                "target_group_arn": "arn:aws:elasticloadbalancing:ap-south-1:211125439608:targetgroup/pihire-api-target-group-TG/9796f53b0e669cd3",
                "type": "forward"
              }
            ],
            "arn": "arn:aws:elasticloadbalancing:ap-south-1:211125439608:listener-rule/app/pihire-load-balancer/510faec1ec92a0f2/ed4bd409692c0290/b7618ed816f58064",
            "condition": [
              {
                "host_header": [
                  {
                    "values": [
                      "qapihireapi.paraminfo.com"
                    ]
                  }
                ],
                "http_header": [],
                "http_request_method": [],
                "path_pattern": [],
                "query_string": [],
                "source_ip": []
              }
            ],
            "id": "arn:aws:elasticloadbalancing:ap-south-1:211125439608:listener-rule/app/pihire-load-balancer/510faec1ec92a0f2/ed4bd409692c0290/b7618ed816f58064",
            "listener_arn": "arn:aws:elasticloadbalancing:ap-south-1:211125439608:listener/app/pihire-load-balancer/510faec1ec92a0f2/ed4bd409692c0290",
            "priority": 2,
            "region": "ap-south-1",
            "tags": null,
            "tags_all": {}
          },
          "sensitive_attributes": [],
          "private": "bnVsbA==",
          "dependencies": [
            "module.load_balancer.aws_lb.ecs_load_balancer",
            "module.load_balancer.aws_lb_listener.ecs_listener",
            "module.target_group.aws_lb_target_group.ecs_target_group"
          ]
        },
        {
          "index_key": 10,
          "schema_version": 0,
          "attributes": {
            "action": [
              {
                "authenticate_cognito": [],
                "authenticate_oidc": [],
                "fixed_response": [],
                "forward": [],
                "order": 1,
                "redirect": [],
                "target_group_arn": "arn:aws:elasticloadbalancing:ap-south-1:211125439608:targetgroup/pihire-api-target-group-TG/9796f53b0e669cd3",
                "type": "forward"
              }
            ],
            "arn": "arn:aws:elasticloadbalancing:ap-south-1:211125439608:listener-rule/app/pihire-load-balancer/510faec1ec92a0f2/ed4bd409692c0290/b7618ed816f58064",
            "condition": [
              {
                "host_header": [
                  {
                    "values": [
                      "qapihireapi.paraminfo.com"
                    ]
                  }
                ],
                "http_header": [],
                "http_request_method": [],
                "path_pattern": [],
                "query_string": [],
                "source_ip": []
              }
            ],
            "id": "arn:aws:elasticloadbalancing:ap-south-1:211125439608:listener-rule/app/pihire-load-balancer/510faec1ec92a0f2/ed4bd409692c0290/b7618ed816f58064",
            "listener_arn": "arn:aws:elasticloadbalancing:ap-south-1:211125439608:listener/app/pihire-load-balancer/510faec1ec92a0f2/ed4bd409692c0290",
            "priority": 2,
            "region": "ap-south-1",
            "tags": null,
            "tags_all": {}
          },
          "sensitive_attributes": [],
          "private": "bnVsbA==",
          "dependencies": [
            "module.load_balancer.aws_lb.ecs_load_balancer",
            "module.load_balancer.aws_lb_listener.ecs_listener",
            "module.target_group.aws_lb_target_group.ecs_target_group"
          ]
        },
        {
          "index_key": 11,
          "schema_version": 0,
          "attributes": {
            "action": [
              {
                "authenticate_cognito": [],
                "authenticate_oidc": [],
                "fixed_response": [],
                "forward": [],
                "order": 1,
                "redirect": [],
                "target_group_arn": "arn:aws:elasticloadbalancing:ap-south-1:211125439608:targetgroup/pihire-api-target-group-TG/9796f53b0e669cd3",
                "type": "forward"
              }
            ],
            "arn": "arn:aws:elasticloadbalancing:ap-south-1:211125439608:listener-rule/app/pihire-load-balancer/510faec1ec92a0f2/ed4bd409692c0290/b7618ed816f58064",
            "condition": [
              {
                "host_header": [
                  {
                    "values": [
                      "qapihireapi.paraminfo.com"
                    ]
                  }
                ],
                "http_header": [],
                "http_request_method": [],
                "path_pattern": [],
                "query_string": [],
                "source_ip": []
              }
            ],
            "id": "arn:aws:elasticloadbalancing:ap-south-1:211125439608:listener-rule/app/pihire-load-balancer/510faec1ec92a0f2/ed4bd409692c0290/b7618ed816f58064",
            "listener_arn": "arn:aws:elasticloadbalancing:ap-south-1:211125439608:listener/app/pihire-load-balancer/510faec1ec92a0f2/ed4bd409692c0290",
            "priority": 2,
            "region": "ap-south-1",
            "tags": null,
            "tags_all": {}
          },
          "sensitive_attributes": [],
          "private": "bnVsbA==",
          "dependencies": [
            "module.load_balancer.aws_lb.ecs_load_balancer",
            "module.load_balancer.aws_lb_listener.ecs_listener",
            "module.target_group.aws_lb_target_group.ecs_target_group"
          ]
        },
        {
          "index_key": 12,
          "schema_version": 0,
          "attributes": {
            "action": [
              {
                "authenticate_cognito": [],
                "authenticate_oidc": [],
                "fixed_response": [],
                "forward": [],
                "order": 1,
                "redirect": [],
                "target_group_arn": "arn:aws:elasticloadbalancing:ap-south-1:211125439608:targetgroup/pihire-api-target-group-TG/9796f53b0e669cd3",
                "type": "forward"
              }
            ],
            "arn": "arn:aws:elasticloadbalancing:ap-south-1:211125439608:listener-rule/app/pihire-load-balancer/510faec1ec92a0f2/ed4bd409692c0290/b7618ed816f58064",
            "condition": [
              {
                "host_header": [
                  {
                    "values": [
                      "qapihireapi.paraminfo.com"
                    ]
                  }
                ],
                "http_header": [],
                "http_request_method": [],
                "path_pattern": [],
                "query_string": [],
                "source_ip": []
              }
            ],
            "id": "arn:aws:elasticloadbalancing:ap-south-1:211125439608:listener-rule/app/pihire-load-balancer/510faec1ec92a0f2/ed4bd409692c0290/b7618ed816f58064",
            "listener_arn": "arn:aws:elasticloadbalancing:ap-south-1:211125439608:listener/app/pihire-load-balancer/510faec1ec92a0f2/ed4bd409692c0290",
            "priority": 2,
            "region": "ap-south-1",
            "tags": null,
            "tags_all": {}
          },
          "sensitive_attributes": [],
          "private": "bnVsbA==",
          "dependencies": [
            "module.load_balancer.aws_lb.ecs_load_balancer",
            "module.load_balancer.aws_lb_listener.ecs_listener",
            "module.target_group.aws_lb_target_group.ecs_target_group"
          ]
        },
        {
          "index_key": 13,
          "schema_version": 0,
          "attributes": {
            "action": [
              {
                "authenticate_cognito": [],
                "authenticate_oidc": [],
                "fixed_response": [],
                "forward": [],
                "order": 1,
                "redirect": [],
                "target_group_arn": "arn:aws:elasticloadbalancing:ap-south-1:211125439608:targetgroup/pihire-api-target-group-TG/9796f53b0e669cd3",
                "type": "forward"
              }
            ],
            "arn": "arn:aws:elasticloadbalancing:ap-south-1:211125439608:listener-rule/app/pihire-load-balancer/510faec1ec92a0f2/ed4bd409692c0290/b7618ed816f58064",
            "condition": [
              {
                "host_header": [
                  {
                    "values": [
                      "qapihireapi.paraminfo.com"
                    ]
                  }
                ],
                "http_header": [],
                "http_request_method": [],
                "path_pattern": [],
                "query_string": [],
                "source_ip": []
              }
            ],
            "id": "arn:aws:elasticloadbalancing:ap-south-1:211125439608:listener-rule/app/pihire-load-balancer/510faec1ec92a0f2/ed4bd409692c0290/b7618ed816f58064",
            "listener_arn": "arn:aws:elasticloadbalancing:ap-south-1:211125439608:listener/app/pihire-load-balancer/510faec1ec92a0f2/ed4bd409692c0290",
            "priority": 2,
            "region": "ap-south-1",
            "tags": null,
            "tags_all": {}
          },
          "sensitive_attributes": [],
          "private": "bnVsbA==",
          "dependencies": [
            "module.load_balancer.aws_lb.ecs_load_balancer",
            "module.load_balancer.aws_lb_listener.ecs_listener",
            "module.target_group.aws_lb_target_group.ecs_target_group"
          ]
        },
        {
          "index_key": 14,
          "schema_version": 0,
          "attributes": {
            "action": [
              {
                "authenticate_cognito": [],
                "authenticate_oidc": [],
                "fixed_response": [],
                "forward": [],
                "order": 1,
                "redirect": [],
                "target_group_arn": "arn:aws:elasticloadbalancing:ap-south-1:211125439608:targetgroup/pihire-api-target-group-TG/9796f53b0e669cd3",
                "type": "forward"
              }
            ],
            "arn": "arn:aws:elasticloadbalancing:ap-south-1:211125439608:listener-rule/app/pihire-load-balancer/510faec1ec92a0f2/ed4bd409692c0290/b7618ed816f58064",
            "condition": [
              {
                "host_header": [
                  {
                    "values": [
                      "qapihireapi.paraminfo.com"
                    ]
                  }
                ],
                "http_header": [],
                "http_request_method": [],
                "path_pattern": [],
                "query_string": [],
                "source_ip": []
              }
            ],
            "id": "arn:aws:elasticloadbalancing:ap-south-1:211125439608:listener-rule/app/pihire-load-balancer/510faec1ec92a0f2/ed4bd409692c0290/b7618ed816f58064",
            "listener_arn": "arn:aws:elasticloadbalancing:ap-south-1:211125439608:listener/app/pihire-load-balancer/510faec1ec92a0f2/ed4bd409692c0290",
            "priority": 2,
            "region": "ap-south-1",
            "tags": null,
            "tags_all": {}
          },
          "sensitive_attributes": [],
          "private": "bnVsbA==",
          "dependencies": [
            "module.load_balancer.aws_lb.ecs_load_balancer",
            "module.load_balancer.aws_lb_listener.ecs_listener",
            "module.target_group.aws_lb_target_group.ecs_target_group"
          ]
        },
        {
          "index_key": 15,
          "schema_version": 0,
          "attributes": {
            "action": [
              {
                "authenticate_cognito": [],
                "authenticate_oidc": [],
                "fixed_response": [],
                "forward": [],
                "order": 1,
                "redirect": [],
                "target_group_arn": "arn:aws:elasticloadbalancing:ap-south-1:211125439608:targetgroup/pihire-api-target-group-TG/9796f53b0e669cd3",
                "type": "forward"
              }
            ],
            "arn": "arn:aws:elasticloadbalancing:ap-south-1:211125439608:listener-rule/app/pihire-load-balancer/510faec1ec92a0f2/ed4bd409692c0290/b7618ed816f58064",
            "condition": [
              {
                "host_header": [
                  {
                    "values": [
                      "qapihireapi.paraminfo.com"
                    ]
                  }
                ],
                "http_header": [],
                "http_request_method": [],
                "path_pattern": [],
                "query_string": [],
                "source_ip": []
              }
            ],
            "id": "arn:aws:elasticloadbalancing:ap-south-1:211125439608:listener-rule/app/pihire-load-balancer/510faec1ec92a0f2/ed4bd409692c0290/b7618ed816f58064",
            "listener_arn": "arn:aws:elasticloadbalancing:ap-south-1:211125439608:listener/app/pihire-load-balancer/510faec1ec92a0f2/ed4bd409692c0290",
            "priority": 2,
            "region": "ap-south-1",
            "tags": null,
            "tags_all": {}
          },
          "sensitive_attributes": [],
          "private": "bnVsbA==",
          "dependencies": [
            "module.load_balancer.aws_lb.ecs_load_balancer",
            "module.load_balancer.aws_lb_listener.ecs_listener",
            "module.target_group.aws_lb_target_group.ecs_target_group"
          ]
        },
        {
          "index_key": 16,
          "schema_version": 0,
          "attributes": {
            "action": [
              {
                "authenticate_cognito": [],
                "authenticate_oidc": [],
                "fixed_response": [],
                "forward": [],
                "order": 1,
                "redirect": [],
                "target_group_arn": "arn:aws:elasticloadbalancing:ap-south-1:211125439608:targetgroup/pihire-api-target-group-TG/9796f53b0e669cd3",
                "type": "forward"
              }
            ],
            "arn": "arn:aws:elasticloadbalancing:ap-south-1:211125439608:listener-rule/app/pihire-load-balancer/510faec1ec92a0f2/ed4bd409692c0290/b7618ed816f58064",
            "condition": [
              {
                "host_header": [
                  {
                    "values": [
                      "qapihireapi.paraminfo.com"
                    ]
                  }
                ],
                "http_header": [],
                "http_request_method": [],
                "path_pattern": [],
                "query_string": [],
                "source_ip": []
              }
            ],
            "id": "arn:aws:elasticloadbalancing:ap-south-1:211125439608:listener-rule/app/pihire-load-balancer/510faec1ec92a0f2/ed4bd409692c0290/b7618ed816f58064",
            "listener_arn": "arn:aws:elasticloadbalancing:ap-south-1:211125439608:listener/app/pihire-load-balancer/510faec1ec92a0f2/ed4bd409692c0290",
            "priority": 2,
            "region": "ap-south-1",
            "tags": null,
            "tags_all": {}
          },
          "sensitive_attributes": [],
          "private": "bnVsbA==",
          "dependencies": [
            "module.load_balancer.aws_lb.ecs_load_balancer",
            "module.load_balancer.aws_lb_listener.ecs_listener",
            "module.target_group.aws_lb_target_group.ecs_target_group"
          ]
        },
        {
          "index_key": 17,
          "schema_version": 0,
          "attributes": {
            "action": [
              {
                "authenticate_cognito": [],
                "authenticate_oidc": [],
                "fixed_response": [],
                "forward": [],
                "order": 1,
                "redirect": [],
                "target_group_arn": "arn:aws:elasticloadbalancing:ap-south-1:211125439608:targetgroup/pihire-api-target-group-TG/9796f53b0e669cd3",
                "type": "forward"
              }
            ],
            "arn": "arn:aws:elasticloadbalancing:ap-south-1:211125439608:listener-rule/app/pihire-load-balancer/510faec1ec92a0f2/ed4bd409692c0290/b7618ed816f58064",
            "condition": [
              {
                "host_header": [
                  {
                    "values": [
                      "qapihireapi.paraminfo.com"
                    ]
                  }
                ],
                "http_header": [],
                "http_request_method": [],
                "path_pattern": [],
                "query_string": [],
                "source_ip": []
              }
            ],
            "id": "arn:aws:elasticloadbalancing:ap-south-1:211125439608:listener-rule/app/pihire-load-balancer/510faec1ec92a0f2/ed4bd409692c0290/b7618ed816f58064",
            "listener_arn": "arn:aws:elasticloadbalancing:ap-south-1:211125439608:listener/app/pihire-load-balancer/510faec1ec92a0f2/ed4bd409692c0290",
            "priority": 2,
            "region": "ap-south-1",
            "tags": null,
            "tags_all": {}
          },
          "sensitive_attributes": [],
          "private": "bnVsbA==",
          "dependencies": [
            "module.load_balancer.aws_lb.ecs_load_balancer",
            "module.load_balancer.aws_lb_listener.ecs_listener",
            "module.target_group.aws_lb_target_group.ecs_target_group"
          ]
        },
        {
          "index_key": 18,
          "schema_version": 0,
          "attributes": {
            "action": [
              {
                "authenticate_cognito": [],
                "authenticate_oidc": [],
                "fixed_response": [],
                "forward": [],
                "order": 1,
                "redirect": [],
                "target_group_arn": "arn:aws:elasticloadbalancing:ap-south-1:211125439608:targetgroup/pihire-api-target-group-TG/9796f53b0e669cd3",
                "type": "forward"
              }
            ],
            "arn": "arn:aws:elasticloadbalancing:ap-south-1:211125439608:listener-rule/app/pihire-load-balancer/510faec1ec92a0f2/ed4bd409692c0290/b7618ed816f58064",
            "condition": [
              {
                "host_header": [
                  {
                    "values": [
                      "qapihireapi.paraminfo.com"
                    ]
                  }
                ],
                "http_header": [],
                "http_request_method": [],
                "path_pattern": [],
                "query_string": [],
                "source_ip": []
              }
            ],
            "id": "arn:aws:elasticloadbalancing:ap-south-1:211125439608:listener-rule/app/pihire-load-balancer/510faec1ec92a0f2/ed4bd409692c0290/b7618ed816f58064",
            "listener_arn": "arn:aws:elasticloadbalancing:ap-south-1:211125439608:listener/app/pihire-load-balancer/510faec1ec92a0f2/ed4bd409692c0290",
            "priority": 2,
            "region": "ap-south-1",
            "tags": null,
            "tags_all": {}
          },
          "sensitive_attributes": [],
          "private": "bnVsbA==",
          "dependencies": [
            "module.load_balancer.aws_lb.ecs_load_balancer",
            "module.load_balancer.aws_lb_listener.ecs_listener",
            "module.target_group.aws_lb_target_group.ecs_target_group"
          ]
        },
        {
          "index_key": 19,
          "schema_version": 0,
          "attributes": {
            "action": [
              {
                "authenticate_cognito": [],
                "authenticate_oidc": [],
                "fixed_response": [],
                "forward": [],
                "order": 1,
                "redirect": [],
                "target_group_arn": "arn:aws:elasticloadbalancing:ap-south-1:211125439608:targetgroup/pihire-api-target-group-TG/9796f53b0e669cd3",
                "type": "forward"
              }
            ],
            "arn": "arn:aws:elasticloadbalancing:ap-south-1:211125439608:listener-rule/app/pihire-load-balancer/510faec1ec92a0f2/ed4bd409692c0290/b7618ed816f58064",
            "condition": [
              {
                "host_header": [
                  {
                    "values": [
                      "qapihireapi.paraminfo.com"
                    ]
                  }
                ],
                "http_header": [],
                "http_request_method": [],
                "path_pattern": [],
                "query_string": [],
                "source_ip": []
              }
            ],
            "id": "arn:aws:elasticloadbalancing:ap-south-1:211125439608:listener-rule/app/pihire-load-balancer/510faec1ec92a0f2/ed4bd409692c0290/b7618ed816f58064",
            "listener_arn": "arn:aws:elasticloadbalancing:ap-south-1:211125439608:listener/app/pihire-load-balancer/510faec1ec92a0f2/ed4bd409692c0290",
            "priority": 2,
            "region": "ap-south-1",
            "tags": null,
            "tags_all": {}
          },
          "sensitive_attributes": [],
          "private": "bnVsbA==",
          "dependencies": [
            "module.load_balancer.aws_lb.ecs_load_balancer",
            "module.load_balancer.aws_lb_listener.ecs_listener",
            "module.target_group.aws_lb_target_group.ecs_target_group"
          ]
        },
        {
          "index_key": 20,
          "schema_version": 0,
          "attributes": {
            "action": [
              {
                "authenticate_cognito": [],
                "authenticate_oidc": [],
                "fixed_response": [],
                "forward": [],
                "order": 1,
                "redirect": [],
                "target_group_arn": "arn:aws:elasticloadbalancing:ap-south-1:211125439608:targetgroup/pihire-api-target-group-TG/9796f53b0e669cd3",
                "type": "forward"
              }
            ],
            "arn": "arn:aws:elasticloadbalancing:ap-south-1:211125439608:listener-rule/app/pihire-load-balancer/510faec1ec92a0f2/ed4bd409692c0290/b7618ed816f58064",
            "condition": [
              {
                "host_header": [
                  {
                    "values": [
                      "qapihireapi.paraminfo.com"
                    ]
                  }
                ],
                "http_header": [],
                "http_request_method": [],
                "path_pattern": [],
                "query_string": [],
                "source_ip": []
              }
            ],
            "id": "arn:aws:elasticloadbalancing:ap-south-1:211125439608:listener-rule/app/pihire-load-balancer/510faec1ec92a0f2/ed4bd409692c0290/b7618ed816f58064",
            "listener_arn": "arn:aws:elasticloadbalancing:ap-south-1:211125439608:listener/app/pihire-load-balancer/510faec1ec92a0f2/ed4bd409692c0290",
            "priority": 2,
            "region": "ap-south-1",
            "tags": null,
            "tags_all": {}
          },
          "sensitive_attributes": [],
          "private": "bnVsbA==",
          "dependencies": [
            "module.load_balancer.aws_lb.ecs_load_balancer",
            "module.load_balancer.aws_lb_listener.ecs_listener",
            "module.target_group.aws_lb_target_group.ecs_target_group"
          ]
        },
        {
          "index_key": 21,
          "schema_version": 0,
          "attributes": {
            "action": [
              {
                "authenticate_cognito": [],
                "authenticate_oidc": [],
                "fixed_response": [],
                "forward": [],
                "order": 1,
                "redirect": [],
                "target_group_arn": "arn:aws:elasticloadbalancing:ap-south-1:211125439608:targetgroup/pihire-api-target-group-TG/9796f53b0e669cd3",
                "type": "forward"
              }
            ],
            "arn": "arn:aws:elasticloadbalancing:ap-south-1:211125439608:listener-rule/app/pihire-load-balancer/510faec1ec92a0f2/ed4bd409692c0290/b7618ed816f58064",
            "condition": [
              {
                "host_header": [
                  {
                    "values": [
                      "qapihireapi.paraminfo.com"
                    ]
                  }
                ],
                "http_header": [],
                "http_request_method": [],
                "path_pattern": [],
                "query_string": [],
                "source_ip": []
              }
            ],
            "id": "arn:aws:elasticloadbalancing:ap-south-1:211125439608:listener-rule/app/pihire-load-balancer/510faec1ec92a0f2/ed4bd409692c0290/b7618ed816f58064",
            "listener_arn": "arn:aws:elasticloadbalancing:ap-south-1:211125439608:listener/app/pihire-load-balancer/510faec1ec92a0f2/ed4bd409692c0290",
            "priority": 2,
            "region": "ap-south-1",
            "tags": null,
            "tags_all": {}
          },
          "sensitive_attributes": [],
          "private": "bnVsbA==",
          "dependencies": [
            "module.load_balancer.aws_lb.ecs_load_balancer",
            "module.load_balancer.aws_lb_listener.ecs_listener",
            "module.target_group.aws_lb_target_group.ecs_target_group"
          ]
        },
        {
          "index_key": 22,
          "schema_version": 0,
          "attributes": {
            "action": [
              {
                "authenticate_cognito": [],
                "authenticate_oidc": [],
                "fixed_response": [],
                "forward": [],
                "order": 1,
                "redirect": [],
                "target_group_arn": "arn:aws:elasticloadbalancing:ap-south-1:211125439608:targetgroup/pihire-api-target-group-TG/9796f53b0e669cd3",
                "type": "forward"
              }
            ],
            "arn": "arn:aws:elasticloadbalancing:ap-south-1:211125439608:listener-rule/app/pihire-load-balancer/510faec1ec92a0f2/ed4bd409692c0290/b7618ed816f58064",
            "condition": [
              {
                "host_header": [
                  {
                    "values": [
                      "qapihireapi.paraminfo.com"
                    ]
                  }
                ],
                "http_header": [],
                "http_request_method": [],
                "path_pattern": [],
                "query_string": [],
                "source_ip": []
              }
            ],
            "id": "arn:aws:elasticloadbalancing:ap-south-1:211125439608:listener-rule/app/pihire-load-balancer/510faec1ec92a0f2/ed4bd409692c0290/b7618ed816f58064",
            "listener_arn": "arn:aws:elasticloadbalancing:ap-south-1:211125439608:listener/app/pihire-load-balancer/510faec1ec92a0f2/ed4bd409692c0290",
            "priority": 2,
            "region": "ap-south-1",
            "tags": null,
            "tags_all": {}
          },
          "sensitive_attributes": [],
          "private": "bnVsbA==",
          "dependencies": [
            "module.load_balancer.aws_lb.ecs_load_balancer",
            "module.load_balancer.aws_lb_listener.ecs_listener",
            "module.target_group.aws_lb_target_group.ecs_target_group"
          ]
        },
        {
          "index_key": 23,
          "schema_version": 0,
          "attributes": {
            "action": [
              {
                "authenticate_cognito": [],
                "authenticate_oidc": [],
                "fixed_response": [],
                "forward": [],
                "order": 1,
                "redirect": [],
                "target_group_arn": "arn:aws:elasticloadbalancing:ap-south-1:211125439608:targetgroup/pihire-api-target-group-TG/9796f53b0e669cd3",
                "type": "forward"
              }
            ],
            "arn": "arn:aws:elasticloadbalancing:ap-south-1:211125439608:listener-rule/app/pihire-load-balancer/510faec1ec92a0f2/ed4bd409692c0290/b7618ed816f58064",
            "condition": [
              {
                "host_header": [
                  {
                    "values": [
                      "qapihireapi.paraminfo.com"
                    ]
                  }
                ],
                "http_header": [],
                "http_request_method": [],
                "path_pattern": [],
                "query_string": [],
                "source_ip": []
              }
            ],
            "id": "arn:aws:elasticloadbalancing:ap-south-1:211125439608:listener-rule/app/pihire-load-balancer/510faec1ec92a0f2/ed4bd409692c0290/b7618ed816f58064",
            "listener_arn": "arn:aws:elasticloadbalancing:ap-south-1:211125439608:listener/app/pihire-load-balancer/510faec1ec92a0f2/ed4bd409692c0290",
            "priority": 2,
            "region": "ap-south-1",
            "tags": null,
            "tags_all": {}
          },
          "sensitive_attributes": [],
          "private": "bnVsbA==",
          "dependencies": [
            "module.load_balancer.aws_lb.ecs_load_balancer",
            "module.load_balancer.aws_lb_listener.ecs_listener",
            "module.target_group.aws_lb_target_group.ecs_target_group"
          ]
        },
        {
          "index_key": 24,
          "schema_version": 0,
          "attributes": {
            "action": [
              {
                "authenticate_cognito": [],
                "authenticate_oidc": [],
                "fixed_response": [],
                "forward": [],
                "order": 1,
                "redirect": [],
                "target_group_arn": "arn:aws:elasticloadbalancing:ap-south-1:211125439608:targetgroup/pihire-api-target-group-TG/9796f53b0e669cd3",
                "type": "forward"
              }
            ],
            "arn": "arn:aws:elasticloadbalancing:ap-south-1:211125439608:listener-rule/app/pihire-load-balancer/510faec1ec92a0f2/ed4bd409692c0290/b7618ed816f58064",
            "condition": [
              {
                "host_header": [
                  {
                    "values": [
                      "qapihireapi.paraminfo.com"
                    ]
                  }
                ],
                "http_header": [],
                "http_request_method": [],
                "path_pattern": [],
                "query_string": [],
                "source_ip": []
              }
            ],
            "id": "arn:aws:elasticloadbalancing:ap-south-1:211125439608:listener-rule/app/pihire-load-balancer/510faec1ec92a0f2/ed4bd409692c0290/b7618ed816f58064",
            "listener_arn": "arn:aws:elasticloadbalancing:ap-south-1:211125439608:listener/app/pihire-load-balancer/510faec1ec92a0f2/ed4bd409692c0290",
            "priority": 2,
            "region": "ap-south-1",
            "tags": null,
            "tags_all": {}
          },
          "sensitive_attributes": [],
          "private": "bnVsbA==",
          "dependencies": [
            "module.load_balancer.aws_lb.ecs_load_balancer",
            "module.load_balancer.aws_lb_listener.ecs_listener",
            "module.target_group.aws_lb_target_group.ecs_target_group"
          ]
        }
      ]
    },
    {
      "module": "module.load_balancer_listener_rules[2]",
      "mode": "managed",
      "type": "aws_lb_listener_rule",
      "name": "ecs_host_rule",
      "provider": "provider[\"registry.terraform.io/hashicorp/aws\"]",
      "instances": [
        {
          "index_key": 0,
          "schema_version": 0,
          "attributes": {
            "action": [
              {
                "authenticate_cognito": [],
                "authenticate_oidc": [],
                "fixed_response": [],
                "forward": [],
                "order": 1,
                "redirect": [],
                "target_group_arn": "arn:aws:elasticloadbalancing:ap-south-1:211125439608:targetgroup/pihire-carrer-target-group-TG/5f56526105d72331",
                "type": "forward"
              }
            ],
            "arn": "arn:aws:elasticloadbalancing:ap-south-1:211125439608:listener-rule/app/pihire-load-balancer/510faec1ec92a0f2/ed4bd409692c0290/f67a95ab1d9db872",
            "condition": [
              {
                "host_header": [
                  {
                    "values": [
                      "qapihirecareer.paraminfo.com"
                    ]
                  }
                ],
                "http_header": [],
                "http_request_method": [],
                "path_pattern": [],
                "query_string": [],
                "source_ip": []
              }
            ],
            "id": "arn:aws:elasticloadbalancing:ap-south-1:211125439608:listener-rule/app/pihire-load-balancer/510faec1ec92a0f2/ed4bd409692c0290/f67a95ab1d9db872",
            "listener_arn": "arn:aws:elasticloadbalancing:ap-south-1:211125439608:listener/app/pihire-load-balancer/510faec1ec92a0f2/ed4bd409692c0290",
            "priority": 3,
            "region": "ap-south-1",
            "tags": null,
            "tags_all": {}
          },
          "sensitive_attributes": [],
          "private": "bnVsbA==",
          "dependencies": [
            "module.load_balancer.aws_lb.ecs_load_balancer",
            "module.load_balancer.aws_lb_listener.ecs_listener",
            "module.target_group.aws_lb_target_group.ecs_target_group"
          ]
        },
        {
          "index_key": 1,
          "schema_version": 0,
          "attributes": {
            "action": [
              {
                "authenticate_cognito": [],
                "authenticate_oidc": [],
                "fixed_response": [],
                "forward": [],
                "order": 1,
                "redirect": [],
                "target_group_arn": "arn:aws:elasticloadbalancing:ap-south-1:211125439608:targetgroup/pihire-carrer-target-group-TG/5f56526105d72331",
                "type": "forward"
              }
            ],
            "arn": "arn:aws:elasticloadbalancing:ap-south-1:211125439608:listener-rule/app/pihire-load-balancer/510faec1ec92a0f2/ed4bd409692c0290/f67a95ab1d9db872",
            "condition": [
              {
                "host_header": [
                  {
                    "values": [
                      "qapihirecareer.paraminfo.com"
                    ]
                  }
                ],
                "http_header": [],
                "http_request_method": [],
                "path_pattern": [],
                "query_string": [],
                "source_ip": []
              }
            ],
            "id": "arn:aws:elasticloadbalancing:ap-south-1:211125439608:listener-rule/app/pihire-load-balancer/510faec1ec92a0f2/ed4bd409692c0290/f67a95ab1d9db872",
            "listener_arn": "arn:aws:elasticloadbalancing:ap-south-1:211125439608:listener/app/pihire-load-balancer/510faec1ec92a0f2/ed4bd409692c0290",
            "priority": 3,
            "region": "ap-south-1",
            "tags": null,
            "tags_all": {}
          },
          "sensitive_attributes": [],
          "private": "bnVsbA==",
          "dependencies": [
            "module.load_balancer.aws_lb.ecs_load_balancer",
            "module.load_balancer.aws_lb_listener.ecs_listener",
            "module.target_group.aws_lb_target_group.ecs_target_group"
          ]
        },
        {
          "index_key": 2,
          "schema_version": 0,
          "attributes": {
            "action": [
              {
                "authenticate_cognito": [],
                "authenticate_oidc": [],
                "fixed_response": [],
                "forward": [],
                "order": 1,
                "redirect": [],
                "target_group_arn": "arn:aws:elasticloadbalancing:ap-south-1:211125439608:targetgroup/pihire-carrer-target-group-TG/5f56526105d72331",
                "type": "forward"
              }
            ],
            "arn": "arn:aws:elasticloadbalancing:ap-south-1:211125439608:listener-rule/app/pihire-load-balancer/510faec1ec92a0f2/ed4bd409692c0290/f67a95ab1d9db872",
            "condition": [
              {
                "host_header": [
                  {
                    "values": [
                      "qapihirecareer.paraminfo.com"
                    ]
                  }
                ],
                "http_header": [],
                "http_request_method": [],
                "path_pattern": [],
                "query_string": [],
                "source_ip": []
              }
            ],
            "id": "arn:aws:elasticloadbalancing:ap-south-1:211125439608:listener-rule/app/pihire-load-balancer/510faec1ec92a0f2/ed4bd409692c0290/f67a95ab1d9db872",
            "listener_arn": "arn:aws:elasticloadbalancing:ap-south-1:211125439608:listener/app/pihire-load-balancer/510faec1ec92a0f2/ed4bd409692c0290",
            "priority": 3,
            "region": "ap-south-1",
            "tags": null,
            "tags_all": {}
          },
          "sensitive_attributes": [],
          "private": "bnVsbA==",
          "dependencies": [
            "module.load_balancer.aws_lb.ecs_load_balancer",
            "module.load_balancer.aws_lb_listener.ecs_listener",
            "module.target_group.aws_lb_target_group.ecs_target_group"
          ]
        },
        {
          "index_key": 3,
          "schema_version": 0,
          "attributes": {
            "action": [
              {
                "authenticate_cognito": [],
                "authenticate_oidc": [],
                "fixed_response": [],
                "forward": [],
                "order": 1,
                "redirect": [],
                "target_group_arn": "arn:aws:elasticloadbalancing:ap-south-1:211125439608:targetgroup/pihire-carrer-target-group-TG/5f56526105d72331",
                "type": "forward"
              }
            ],
            "arn": "arn:aws:elasticloadbalancing:ap-south-1:211125439608:listener-rule/app/pihire-load-balancer/510faec1ec92a0f2/ed4bd409692c0290/f67a95ab1d9db872",
            "condition": [
              {
                "host_header": [
                  {
                    "values": [
                      "qapihirecareer.paraminfo.com"
                    ]
                  }
                ],
                "http_header": [],
                "http_request_method": [],
                "path_pattern": [],
                "query_string": [],
                "source_ip": []
              }
            ],
            "id": "arn:aws:elasticloadbalancing:ap-south-1:211125439608:listener-rule/app/pihire-load-balancer/510faec1ec92a0f2/ed4bd409692c0290/f67a95ab1d9db872",
            "listener_arn": "arn:aws:elasticloadbalancing:ap-south-1:211125439608:listener/app/pihire-load-balancer/510faec1ec92a0f2/ed4bd409692c0290",
            "priority": 3,
            "region": "ap-south-1",
            "tags": null,
            "tags_all": {}
          },
          "sensitive_attributes": [],
          "private": "bnVsbA==",
          "dependencies": [
            "module.load_balancer.aws_lb.ecs_load_balancer",
            "module.load_balancer.aws_lb_listener.ecs_listener",
            "module.target_group.aws_lb_target_group.ecs_target_group"
          ]
        },
        {
          "index_key": 4,
          "schema_version": 0,
          "attributes": {
            "action": [
              {
                "authenticate_cognito": [],
                "authenticate_oidc": [],
                "fixed_response": [],
                "forward": [],
                "order": 1,
                "redirect": [],
                "target_group_arn": "arn:aws:elasticloadbalancing:ap-south-1:211125439608:targetgroup/pihire-carrer-target-group-TG/5f56526105d72331",
                "type": "forward"
              }
            ],
            "arn": "arn:aws:elasticloadbalancing:ap-south-1:211125439608:listener-rule/app/pihire-load-balancer/510faec1ec92a0f2/ed4bd409692c0290/f67a95ab1d9db872",
            "condition": [
              {
                "host_header": [
                  {
                    "values": [
                      "qapihirecareer.paraminfo.com"
                    ]
                  }
                ],
                "http_header": [],
                "http_request_method": [],
                "path_pattern": [],
                "query_string": [],
                "source_ip": []
              }
            ],
            "id": "arn:aws:elasticloadbalancing:ap-south-1:211125439608:listener-rule/app/pihire-load-balancer/510faec1ec92a0f2/ed4bd409692c0290/f67a95ab1d9db872",
            "listener_arn": "arn:aws:elasticloadbalancing:ap-south-1:211125439608:listener/app/pihire-load-balancer/510faec1ec92a0f2/ed4bd409692c0290",
            "priority": 3,
            "region": "ap-south-1",
            "tags": null,
            "tags_all": {}
          },
          "sensitive_attributes": [],
          "private": "bnVsbA==",
          "dependencies": [
            "module.load_balancer.aws_lb.ecs_load_balancer",
            "module.load_balancer.aws_lb_listener.ecs_listener",
            "module.target_group.aws_lb_target_group.ecs_target_group"
          ]
        },
        {
          "index_key": 5,
          "schema_version": 0,
          "attributes": {
            "action": [
              {
                "authenticate_cognito": [],
                "authenticate_oidc": [],
                "fixed_response": [],
                "forward": [],
                "order": 1,
                "redirect": [],
                "target_group_arn": "arn:aws:elasticloadbalancing:ap-south-1:211125439608:targetgroup/pihire-carrer-target-group-TG/5f56526105d72331",
                "type": "forward"
              }
            ],
            "arn": "arn:aws:elasticloadbalancing:ap-south-1:211125439608:listener-rule/app/pihire-load-balancer/510faec1ec92a0f2/ed4bd409692c0290/f67a95ab1d9db872",
            "condition": [
              {
                "host_header": [
                  {
                    "values": [
                      "qapihirecareer.paraminfo.com"
                    ]
                  }
                ],
                "http_header": [],
                "http_request_method": [],
                "path_pattern": [],
                "query_string": [],
                "source_ip": []
              }
            ],
            "id": "arn:aws:elasticloadbalancing:ap-south-1:211125439608:listener-rule/app/pihire-load-balancer/510faec1ec92a0f2/ed4bd409692c0290/f67a95ab1d9db872",
            "listener_arn": "arn:aws:elasticloadbalancing:ap-south-1:211125439608:listener/app/pihire-load-balancer/510faec1ec92a0f2/ed4bd409692c0290",
            "priority": 3,
            "region": "ap-south-1",
            "tags": null,
            "tags_all": {}
          },
          "sensitive_attributes": [],
          "private": "bnVsbA==",
          "dependencies": [
            "module.load_balancer.aws_lb.ecs_load_balancer",
            "module.load_balancer.aws_lb_listener.ecs_listener",
            "module.target_group.aws_lb_target_group.ecs_target_group"
          ]
        },
        {
          "index_key": 6,
          "schema_version": 0,
          "attributes": {
            "action": [
              {
                "authenticate_cognito": [],
                "authenticate_oidc": [],
                "fixed_response": [],
                "forward": [],
                "order": 1,
                "redirect": [],
                "target_group_arn": "arn:aws:elasticloadbalancing:ap-south-1:211125439608:targetgroup/pihire-carrer-target-group-TG/5f56526105d72331",
                "type": "forward"
              }
            ],
            "arn": "arn:aws:elasticloadbalancing:ap-south-1:211125439608:listener-rule/app/pihire-load-balancer/510faec1ec92a0f2/ed4bd409692c0290/f67a95ab1d9db872",
            "condition": [
              {
                "host_header": [
                  {
                    "values": [
                      "qapihirecareer.paraminfo.com"
                    ]
                  }
                ],
                "http_header": [],
                "http_request_method": [],
                "path_pattern": [],
                "query_string": [],
                "source_ip": []
              }
            ],
            "id": "arn:aws:elasticloadbalancing:ap-south-1:211125439608:listener-rule/app/pihire-load-balancer/510faec1ec92a0f2/ed4bd409692c0290/f67a95ab1d9db872",
            "listener_arn": "arn:aws:elasticloadbalancing:ap-south-1:211125439608:listener/app/pihire-load-balancer/510faec1ec92a0f2/ed4bd409692c0290",
            "priority": 3,
            "region": "ap-south-1",
            "tags": null,
            "tags_all": {}
          },
          "sensitive_attributes": [],
          "private": "bnVsbA==",
          "dependencies": [
            "module.load_balancer.aws_lb.ecs_load_balancer",
            "module.load_balancer.aws_lb_listener.ecs_listener",
            "module.target_group.aws_lb_target_group.ecs_target_group"
          ]
        },
        {
          "index_key": 7,
          "schema_version": 0,
          "attributes": {
            "action": [
              {
                "authenticate_cognito": [],
                "authenticate_oidc": [],
                "fixed_response": [],
                "forward": [],
                "order": 1,
                "redirect": [],
                "target_group_arn": "arn:aws:elasticloadbalancing:ap-south-1:211125439608:targetgroup/pihire-carrer-target-group-TG/5f56526105d72331",
                "type": "forward"
              }
            ],
            "arn": "arn:aws:elasticloadbalancing:ap-south-1:211125439608:listener-rule/app/pihire-load-balancer/510faec1ec92a0f2/ed4bd409692c0290/f67a95ab1d9db872",
            "condition": [
              {
                "host_header": [
                  {
                    "values": [
                      "qapihirecareer.paraminfo.com"
                    ]
                  }
                ],
                "http_header": [],
                "http_request_method": [],
                "path_pattern": [],
                "query_string": [],
                "source_ip": []
              }
            ],
            "id": "arn:aws:elasticloadbalancing:ap-south-1:211125439608:listener-rule/app/pihire-load-balancer/510faec1ec92a0f2/ed4bd409692c0290/f67a95ab1d9db872",
            "listener_arn": "arn:aws:elasticloadbalancing:ap-south-1:211125439608:listener/app/pihire-load-balancer/510faec1ec92a0f2/ed4bd409692c0290",
            "priority": 3,
            "region": "ap-south-1",
            "tags": null,
            "tags_all": {}
          },
          "sensitive_attributes": [],
          "private": "bnVsbA==",
          "dependencies": [
            "module.load_balancer.aws_lb.ecs_load_balancer",
            "module.load_balancer.aws_lb_listener.ecs_listener",
            "module.target_group.aws_lb_target_group.ecs_target_group"
          ]
        },
        {
          "index_key": 8,
          "schema_version": 0,
          "attributes": {
            "action": [
              {
                "authenticate_cognito": [],
                "authenticate_oidc": [],
                "fixed_response": [],
                "forward": [],
                "order": 1,
                "redirect": [],
                "target_group_arn": "arn:aws:elasticloadbalancing:ap-south-1:211125439608:targetgroup/pihire-carrer-target-group-TG/5f56526105d72331",
                "type": "forward"
              }
            ],
            "arn": "arn:aws:elasticloadbalancing:ap-south-1:211125439608:listener-rule/app/pihire-load-balancer/510faec1ec92a0f2/ed4bd409692c0290/f67a95ab1d9db872",
            "condition": [
              {
                "host_header": [
                  {
                    "values": [
                      "qapihirecareer.paraminfo.com"
                    ]
                  }
                ],
                "http_header": [],
                "http_request_method": [],
                "path_pattern": [],
                "query_string": [],
                "source_ip": []
              }
            ],
            "id": "arn:aws:elasticloadbalancing:ap-south-1:211125439608:listener-rule/app/pihire-load-balancer/510faec1ec92a0f2/ed4bd409692c0290/f67a95ab1d9db872",
            "listener_arn": "arn:aws:elasticloadbalancing:ap-south-1:211125439608:listener/app/pihire-load-balancer/510faec1ec92a0f2/ed4bd409692c0290",
            "priority": 3,
            "region": "ap-south-1",
            "tags": null,
            "tags_all": {}
          },
          "sensitive_attributes": [],
          "private": "bnVsbA==",
          "dependencies": [
            "module.load_balancer.aws_lb.ecs_load_balancer",
            "module.load_balancer.aws_lb_listener.ecs_listener",
            "module.target_group.aws_lb_target_group.ecs_target_group"
          ]
        },
        {
          "index_key": 9,
          "schema_version": 0,
          "attributes": {
            "action": [
              {
                "authenticate_cognito": [],
                "authenticate_oidc": [],
                "fixed_response": [],
                "forward": [],
                "order": 1,
                "redirect": [],
                "target_group_arn": "arn:aws:elasticloadbalancing:ap-south-1:211125439608:targetgroup/pihire-carrer-target-group-TG/5f56526105d72331",
                "type": "forward"
              }
            ],
            "arn": "arn:aws:elasticloadbalancing:ap-south-1:211125439608:listener-rule/app/pihire-load-balancer/510faec1ec92a0f2/ed4bd409692c0290/f67a95ab1d9db872",
            "condition": [
              {
                "host_header": [
                  {
                    "values": [
                      "qapihirecareer.paraminfo.com"
                    ]
                  }
                ],
                "http_header": [],
                "http_request_method": [],
                "path_pattern": [],
                "query_string": [],
                "source_ip": []
              }
            ],
            "id": "arn:aws:elasticloadbalancing:ap-south-1:211125439608:listener-rule/app/pihire-load-balancer/510faec1ec92a0f2/ed4bd409692c0290/f67a95ab1d9db872",
            "listener_arn": "arn:aws:elasticloadbalancing:ap-south-1:211125439608:listener/app/pihire-load-balancer/510faec1ec92a0f2/ed4bd409692c0290",
            "priority": 3,
            "region": "ap-south-1",
            "tags": null,
            "tags_all": {}
          },
          "sensitive_attributes": [],
          "private": "bnVsbA==",
          "dependencies": [
            "module.load_balancer.aws_lb.ecs_load_balancer",
            "module.load_balancer.aws_lb_listener.ecs_listener",
            "module.target_group.aws_lb_target_group.ecs_target_group"
          ]
        },
        {
          "index_key": 10,
          "schema_version": 0,
          "attributes": {
            "action": [
              {
                "authenticate_cognito": [],
                "authenticate_oidc": [],
                "fixed_response": [],
                "forward": [],
                "order": 1,
                "redirect": [],
                "target_group_arn": "arn:aws:elasticloadbalancing:ap-south-1:211125439608:targetgroup/pihire-carrer-target-group-TG/5f56526105d72331",
                "type": "forward"
              }
            ],
            "arn": "arn:aws:elasticloadbalancing:ap-south-1:211125439608:listener-rule/app/pihire-load-balancer/510faec1ec92a0f2/ed4bd409692c0290/f67a95ab1d9db872",
            "condition": [
              {
                "host_header": [
                  {
                    "values": [
                      "qapihirecareer.paraminfo.com"
                    ]
                  }
                ],
                "http_header": [],
                "http_request_method": [],
                "path_pattern": [],
                "query_string": [],
                "source_ip": []
              }
            ],
            "id": "arn:aws:elasticloadbalancing:ap-south-1:211125439608:listener-rule/app/pihire-load-balancer/510faec1ec92a0f2/ed4bd409692c0290/f67a95ab1d9db872",
            "listener_arn": "arn:aws:elasticloadbalancing:ap-south-1:211125439608:listener/app/pihire-load-balancer/510faec1ec92a0f2/ed4bd409692c0290",
            "priority": 3,
            "region": "ap-south-1",
            "tags": null,
            "tags_all": {}
          },
          "sensitive_attributes": [],
          "private": "bnVsbA==",
          "dependencies": [
            "module.load_balancer.aws_lb.ecs_load_balancer",
            "module.load_balancer.aws_lb_listener.ecs_listener",
            "module.target_group.aws_lb_target_group.ecs_target_group"
          ]
        },
        {
          "index_key": 11,
          "schema_version": 0,
          "attributes": {
            "action": [
              {
                "authenticate_cognito": [],
                "authenticate_oidc": [],
                "fixed_response": [],
                "forward": [],
                "order": 1,
                "redirect": [],
                "target_group_arn": "arn:aws:elasticloadbalancing:ap-south-1:211125439608:targetgroup/pihire-carrer-target-group-TG/5f56526105d72331",
                "type": "forward"
              }
            ],
            "arn": "arn:aws:elasticloadbalancing:ap-south-1:211125439608:listener-rule/app/pihire-load-balancer/510faec1ec92a0f2/ed4bd409692c0290/f67a95ab1d9db872",
            "condition": [
              {
                "host_header": [
                  {
                    "values": [
                      "qapihirecareer.paraminfo.com"
                    ]
                  }
                ],
                "http_header": [],
                "http_request_method": [],
                "path_pattern": [],
                "query_string": [],
                "source_ip": []
              }
            ],
            "id": "arn:aws:elasticloadbalancing:ap-south-1:211125439608:listener-rule/app/pihire-load-balancer/510faec1ec92a0f2/ed4bd409692c0290/f67a95ab1d9db872",
            "listener_arn": "arn:aws:elasticloadbalancing:ap-south-1:211125439608:listener/app/pihire-load-balancer/510faec1ec92a0f2/ed4bd409692c0290",
            "priority": 3,
            "region": "ap-south-1",
            "tags": null,
            "tags_all": {}
          },
          "sensitive_attributes": [],
          "private": "bnVsbA==",
          "dependencies": [
            "module.load_balancer.aws_lb.ecs_load_balancer",
            "module.load_balancer.aws_lb_listener.ecs_listener",
            "module.target_group.aws_lb_target_group.ecs_target_group"
          ]
        },
        {
          "index_key": 12,
          "schema_version": 0,
          "attributes": {
            "action": [
              {
                "authenticate_cognito": [],
                "authenticate_oidc": [],
                "fixed_response": [],
                "forward": [],
                "order": 1,
                "redirect": [],
                "target_group_arn": "arn:aws:elasticloadbalancing:ap-south-1:211125439608:targetgroup/pihire-carrer-target-group-TG/5f56526105d72331",
                "type": "forward"
              }
            ],
            "arn": "arn:aws:elasticloadbalancing:ap-south-1:211125439608:listener-rule/app/pihire-load-balancer/510faec1ec92a0f2/ed4bd409692c0290/f67a95ab1d9db872",
            "condition": [
              {
                "host_header": [
                  {
                    "values": [
                      "qapihirecareer.paraminfo.com"
                    ]
                  }
                ],
                "http_header": [],
                "http_request_method": [],
                "path_pattern": [],
                "query_string": [],
                "source_ip": []
              }
            ],
            "id": "arn:aws:elasticloadbalancing:ap-south-1:211125439608:listener-rule/app/pihire-load-balancer/510faec1ec92a0f2/ed4bd409692c0290/f67a95ab1d9db872",
            "listener_arn": "arn:aws:elasticloadbalancing:ap-south-1:211125439608:listener/app/pihire-load-balancer/510faec1ec92a0f2/ed4bd409692c0290",
            "priority": 3,
            "region": "ap-south-1",
            "tags": null,
            "tags_all": {}
          },
          "sensitive_attributes": [],
          "private": "bnVsbA==",
          "dependencies": [
            "module.load_balancer.aws_lb.ecs_load_balancer",
            "module.load_balancer.aws_lb_listener.ecs_listener",
            "module.target_group.aws_lb_target_group.ecs_target_group"
          ]
        },
        {
          "index_key": 13,
          "schema_version": 0,
          "attributes": {
            "action": [
              {
                "authenticate_cognito": [],
                "authenticate_oidc": [],
                "fixed_response": [],
                "forward": [],
                "order": 1,
                "redirect": [],
                "target_group_arn": "arn:aws:elasticloadbalancing:ap-south-1:211125439608:targetgroup/pihire-carrer-target-group-TG/5f56526105d72331",
                "type": "forward"
              }
            ],
            "arn": "arn:aws:elasticloadbalancing:ap-south-1:211125439608:listener-rule/app/pihire-load-balancer/510faec1ec92a0f2/ed4bd409692c0290/f67a95ab1d9db872",
            "condition": [
              {
                "host_header": [
                  {
                    "values": [
                      "qapihirecareer.paraminfo.com"
                    ]
                  }
                ],
                "http_header": [],
                "http_request_method": [],
                "path_pattern": [],
                "query_string": [],
                "source_ip": []
              }
            ],
            "id": "arn:aws:elasticloadbalancing:ap-south-1:211125439608:listener-rule/app/pihire-load-balancer/510faec1ec92a0f2/ed4bd409692c0290/f67a95ab1d9db872",
            "listener_arn": "arn:aws:elasticloadbalancing:ap-south-1:211125439608:listener/app/pihire-load-balancer/510faec1ec92a0f2/ed4bd409692c0290",
            "priority": 3,
            "region": "ap-south-1",
            "tags": null,
            "tags_all": {}
          },
          "sensitive_attributes": [],
          "private": "bnVsbA==",
          "dependencies": [
            "module.load_balancer.aws_lb.ecs_load_balancer",
            "module.load_balancer.aws_lb_listener.ecs_listener",
            "module.target_group.aws_lb_target_group.ecs_target_group"
          ]
        },
        {
          "index_key": 14,
          "schema_version": 0,
          "attributes": {
            "action": [
              {
                "authenticate_cognito": [],
                "authenticate_oidc": [],
                "fixed_response": [],
                "forward": [],
                "order": 1,
                "redirect": [],
                "target_group_arn": "arn:aws:elasticloadbalancing:ap-south-1:211125439608:targetgroup/pihire-carrer-target-group-TG/5f56526105d72331",
                "type": "forward"
              }
            ],
            "arn": "arn:aws:elasticloadbalancing:ap-south-1:211125439608:listener-rule/app/pihire-load-balancer/510faec1ec92a0f2/ed4bd409692c0290/f67a95ab1d9db872",
            "condition": [
              {
                "host_header": [
                  {
                    "values": [
                      "qapihirecareer.paraminfo.com"
                    ]
                  }
                ],
                "http_header": [],
                "http_request_method": [],
                "path_pattern": [],
                "query_string": [],
                "source_ip": []
              }
            ],
            "id": "arn:aws:elasticloadbalancing:ap-south-1:211125439608:listener-rule/app/pihire-load-balancer/510faec1ec92a0f2/ed4bd409692c0290/f67a95ab1d9db872",
            "listener_arn": "arn:aws:elasticloadbalancing:ap-south-1:211125439608:listener/app/pihire-load-balancer/510faec1ec92a0f2/ed4bd409692c0290",
            "priority": 3,
            "region": "ap-south-1",
            "tags": null,
            "tags_all": {}
          },
          "sensitive_attributes": [],
          "private": "bnVsbA==",
          "dependencies": [
            "module.load_balancer.aws_lb.ecs_load_balancer",
            "module.load_balancer.aws_lb_listener.ecs_listener",
            "module.target_group.aws_lb_target_group.ecs_target_group"
          ]
        },
        {
          "index_key": 15,
          "schema_version": 0,
          "attributes": {
            "action": [
              {
                "authenticate_cognito": [],
                "authenticate_oidc": [],
                "fixed_response": [],
                "forward": [],
                "order": 1,
                "redirect": [],
                "target_group_arn": "arn:aws:elasticloadbalancing:ap-south-1:211125439608:targetgroup/pihire-carrer-target-group-TG/5f56526105d72331",
                "type": "forward"
              }
            ],
            "arn": "arn:aws:elasticloadbalancing:ap-south-1:211125439608:listener-rule/app/pihire-load-balancer/510faec1ec92a0f2/ed4bd409692c0290/f67a95ab1d9db872",
            "condition": [
              {
                "host_header": [
                  {
                    "values": [
                      "qapihirecareer.paraminfo.com"
                    ]
                  }
                ],
                "http_header": [],
                "http_request_method": [],
                "path_pattern": [],
                "query_string": [],
                "source_ip": []
              }
            ],
            "id": "arn:aws:elasticloadbalancing:ap-south-1:211125439608:listener-rule/app/pihire-load-balancer/510faec1ec92a0f2/ed4bd409692c0290/f67a95ab1d9db872",
            "listener_arn": "arn:aws:elasticloadbalancing:ap-south-1:211125439608:listener/app/pihire-load-balancer/510faec1ec92a0f2/ed4bd409692c0290",
            "priority": 3,
            "region": "ap-south-1",
            "tags": null,
            "tags_all": {}
          },
          "sensitive_attributes": [],
          "private": "bnVsbA==",
          "dependencies": [
            "module.load_balancer.aws_lb.ecs_load_balancer",
            "module.load_balancer.aws_lb_listener.ecs_listener",
            "module.target_group.aws_lb_target_group.ecs_target_group"
          ]
        },
        {
          "index_key": 16,
          "schema_version": 0,
          "attributes": {
            "action": [
              {
                "authenticate_cognito": [],
                "authenticate_oidc": [],
                "fixed_response": [],
                "forward": [],
                "order": 1,
                "redirect": [],
                "target_group_arn": "arn:aws:elasticloadbalancing:ap-south-1:211125439608:targetgroup/pihire-carrer-target-group-TG/5f56526105d72331",
                "type": "forward"
              }
            ],
            "arn": "arn:aws:elasticloadbalancing:ap-south-1:211125439608:listener-rule/app/pihire-load-balancer/510faec1ec92a0f2/ed4bd409692c0290/f67a95ab1d9db872",
            "condition": [
              {
                "host_header": [
                  {
                    "values": [
                      "qapihirecareer.paraminfo.com"
                    ]
                  }
                ],
                "http_header": [],
                "http_request_method": [],
                "path_pattern": [],
                "query_string": [],
                "source_ip": []
              }
            ],
            "id": "arn:aws:elasticloadbalancing:ap-south-1:211125439608:listener-rule/app/pihire-load-balancer/510faec1ec92a0f2/ed4bd409692c0290/f67a95ab1d9db872",
            "listener_arn": "arn:aws:elasticloadbalancing:ap-south-1:211125439608:listener/app/pihire-load-balancer/510faec1ec92a0f2/ed4bd409692c0290",
            "priority": 3,
            "region": "ap-south-1",
            "tags": null,
            "tags_all": {}
          },
          "sensitive_attributes": [],
          "private": "bnVsbA==",
          "dependencies": [
            "module.load_balancer.aws_lb.ecs_load_balancer",
            "module.load_balancer.aws_lb_listener.ecs_listener",
            "module.target_group.aws_lb_target_group.ecs_target_group"
          ]
        },
        {
          "index_key": 17,
          "schema_version": 0,
          "attributes": {
            "action": [
              {
                "authenticate_cognito": [],
                "authenticate_oidc": [],
                "fixed_response": [],
                "forward": [],
                "order": 1,
                "redirect": [],
                "target_group_arn": "arn:aws:elasticloadbalancing:ap-south-1:211125439608:targetgroup/pihire-carrer-target-group-TG/5f56526105d72331",
                "type": "forward"
              }
            ],
            "arn": "arn:aws:elasticloadbalancing:ap-south-1:211125439608:listener-rule/app/pihire-load-balancer/510faec1ec92a0f2/ed4bd409692c0290/f67a95ab1d9db872",
            "condition": [
              {
                "host_header": [
                  {
                    "values": [
                      "qapihirecareer.paraminfo.com"
                    ]
                  }
                ],
                "http_header": [],
                "http_request_method": [],
                "path_pattern": [],
                "query_string": [],
                "source_ip": []
              }
            ],
            "id": "arn:aws:elasticloadbalancing:ap-south-1:211125439608:listener-rule/app/pihire-load-balancer/510faec1ec92a0f2/ed4bd409692c0290/f67a95ab1d9db872",
            "listener_arn": "arn:aws:elasticloadbalancing:ap-south-1:211125439608:listener/app/pihire-load-balancer/510faec1ec92a0f2/ed4bd409692c0290",
            "priority": 3,
            "region": "ap-south-1",
            "tags": null,
            "tags_all": {}
          },
          "sensitive_attributes": [],
          "private": "bnVsbA==",
          "dependencies": [
            "module.load_balancer.aws_lb.ecs_load_balancer",
            "module.load_balancer.aws_lb_listener.ecs_listener",
            "module.target_group.aws_lb_target_group.ecs_target_group"
          ]
        },
        {
          "index_key": 18,
          "schema_version": 0,
          "attributes": {
            "action": [
              {
                "authenticate_cognito": [],
                "authenticate_oidc": [],
                "fixed_response": [],
                "forward": [],
                "order": 1,
                "redirect": [],
                "target_group_arn": "arn:aws:elasticloadbalancing:ap-south-1:211125439608:targetgroup/pihire-carrer-target-group-TG/5f56526105d72331",
                "type": "forward"
              }
            ],
            "arn": "arn:aws:elasticloadbalancing:ap-south-1:211125439608:listener-rule/app/pihire-load-balancer/510faec1ec92a0f2/ed4bd409692c0290/f67a95ab1d9db872",
            "condition": [
              {
                "host_header": [
                  {
                    "values": [
                      "qapihirecareer.paraminfo.com"
                    ]
                  }
                ],
                "http_header": [],
                "http_request_method": [],
                "path_pattern": [],
                "query_string": [],
                "source_ip": []
              }
            ],
            "id": "arn:aws:elasticloadbalancing:ap-south-1:211125439608:listener-rule/app/pihire-load-balancer/510faec1ec92a0f2/ed4bd409692c0290/f67a95ab1d9db872",
            "listener_arn": "arn:aws:elasticloadbalancing:ap-south-1:211125439608:listener/app/pihire-load-balancer/510faec1ec92a0f2/ed4bd409692c0290",
            "priority": 3,
            "region": "ap-south-1",
            "tags": null,
            "tags_all": {}
          },
          "sensitive_attributes": [],
          "private": "bnVsbA==",
          "dependencies": [
            "module.load_balancer.aws_lb.ecs_load_balancer",
            "module.load_balancer.aws_lb_listener.ecs_listener",
            "module.target_group.aws_lb_target_group.ecs_target_group"
          ]
        },
        {
          "index_key": 19,
          "schema_version": 0,
          "attributes": {
            "action": [
              {
                "authenticate_cognito": [],
                "authenticate_oidc": [],
                "fixed_response": [],
                "forward": [],
                "order": 1,
                "redirect": [],
                "target_group_arn": "arn:aws:elasticloadbalancing:ap-south-1:211125439608:targetgroup/pihire-carrer-target-group-TG/5f56526105d72331",
                "type": "forward"
              }
            ],
            "arn": "arn:aws:elasticloadbalancing:ap-south-1:211125439608:listener-rule/app/pihire-load-balancer/510faec1ec92a0f2/ed4bd409692c0290/f67a95ab1d9db872",
            "condition": [
              {
                "host_header": [
                  {
                    "values": [
                      "qapihirecareer.paraminfo.com"
                    ]
                  }
                ],
                "http_header": [],
                "http_request_method": [],
                "path_pattern": [],
                "query_string": [],
                "source_ip": []
              }
            ],
            "id": "arn:aws:elasticloadbalancing:ap-south-1:211125439608:listener-rule/app/pihire-load-balancer/510faec1ec92a0f2/ed4bd409692c0290/f67a95ab1d9db872",
            "listener_arn": "arn:aws:elasticloadbalancing:ap-south-1:211125439608:listener/app/pihire-load-balancer/510faec1ec92a0f2/ed4bd409692c0290",
            "priority": 3,
            "region": "ap-south-1",
            "tags": null,
            "tags_all": {}
          },
          "sensitive_attributes": [],
          "private": "bnVsbA==",
          "dependencies": [
            "module.load_balancer.aws_lb.ecs_load_balancer",
            "module.load_balancer.aws_lb_listener.ecs_listener",
            "module.target_group.aws_lb_target_group.ecs_target_group"
          ]
        },
        {
          "index_key": 20,
          "schema_version": 0,
          "attributes": {
            "action": [
              {
                "authenticate_cognito": [],
                "authenticate_oidc": [],
                "fixed_response": [],
                "forward": [],
                "order": 1,
                "redirect": [],
                "target_group_arn": "arn:aws:elasticloadbalancing:ap-south-1:211125439608:targetgroup/pihire-carrer-target-group-TG/5f56526105d72331",
                "type": "forward"
              }
            ],
            "arn": "arn:aws:elasticloadbalancing:ap-south-1:211125439608:listener-rule/app/pihire-load-balancer/510faec1ec92a0f2/ed4bd409692c0290/f67a95ab1d9db872",
            "condition": [
              {
                "host_header": [
                  {
                    "values": [
                      "qapihirecareer.paraminfo.com"
                    ]
                  }
                ],
                "http_header": [],
                "http_request_method": [],
                "path_pattern": [],
                "query_string": [],
                "source_ip": []
              }
            ],
            "id": "arn:aws:elasticloadbalancing:ap-south-1:211125439608:listener-rule/app/pihire-load-balancer/510faec1ec92a0f2/ed4bd409692c0290/f67a95ab1d9db872",
            "listener_arn": "arn:aws:elasticloadbalancing:ap-south-1:211125439608:listener/app/pihire-load-balancer/510faec1ec92a0f2/ed4bd409692c0290",
            "priority": 3,
            "region": "ap-south-1",
            "tags": null,
            "tags_all": {}
          },
          "sensitive_attributes": [],
          "private": "bnVsbA==",
          "dependencies": [
            "module.load_balancer.aws_lb.ecs_load_balancer",
            "module.load_balancer.aws_lb_listener.ecs_listener",
            "module.target_group.aws_lb_target_group.ecs_target_group"
          ]
        },
        {
          "index_key": 21,
          "schema_version": 0,
          "attributes": {
            "action": [
              {
                "authenticate_cognito": [],
                "authenticate_oidc": [],
                "fixed_response": [],
                "forward": [],
                "order": 1,
                "redirect": [],
                "target_group_arn": "arn:aws:elasticloadbalancing:ap-south-1:211125439608:targetgroup/pihire-carrer-target-group-TG/5f56526105d72331",
                "type": "forward"
              }
            ],
            "arn": "arn:aws:elasticloadbalancing:ap-south-1:211125439608:listener-rule/app/pihire-load-balancer/510faec1ec92a0f2/ed4bd409692c0290/f67a95ab1d9db872",
            "condition": [
              {
                "host_header": [
                  {
                    "values": [
                      "qapihirecareer.paraminfo.com"
                    ]
                  }
                ],
                "http_header": [],
                "http_request_method": [],
                "path_pattern": [],
                "query_string": [],
                "source_ip": []
              }
            ],
            "id": "arn:aws:elasticloadbalancing:ap-south-1:211125439608:listener-rule/app/pihire-load-balancer/510faec1ec92a0f2/ed4bd409692c0290/f67a95ab1d9db872",
            "listener_arn": "arn:aws:elasticloadbalancing:ap-south-1:211125439608:listener/app/pihire-load-balancer/510faec1ec92a0f2/ed4bd409692c0290",
            "priority": 3,
            "region": "ap-south-1",
            "tags": null,
            "tags_all": {}
          },
          "sensitive_attributes": [],
          "private": "bnVsbA==",
          "dependencies": [
            "module.load_balancer.aws_lb.ecs_load_balancer",
            "module.load_balancer.aws_lb_listener.ecs_listener",
            "module.target_group.aws_lb_target_group.ecs_target_group"
          ]
        },
        {
          "index_key": 22,
          "schema_version": 0,
          "attributes": {
            "action": [
              {
                "authenticate_cognito": [],
                "authenticate_oidc": [],
                "fixed_response": [],
                "forward": [],
                "order": 1,
                "redirect": [],
                "target_group_arn": "arn:aws:elasticloadbalancing:ap-south-1:211125439608:targetgroup/pihire-carrer-target-group-TG/5f56526105d72331",
                "type": "forward"
              }
            ],
            "arn": "arn:aws:elasticloadbalancing:ap-south-1:211125439608:listener-rule/app/pihire-load-balancer/510faec1ec92a0f2/ed4bd409692c0290/f67a95ab1d9db872",
            "condition": [
              {
                "host_header": [
                  {
                    "values": [
                      "qapihirecareer.paraminfo.com"
                    ]
                  }
                ],
                "http_header": [],
                "http_request_method": [],
                "path_pattern": [],
                "query_string": [],
                "source_ip": []
              }
            ],
            "id": "arn:aws:elasticloadbalancing:ap-south-1:211125439608:listener-rule/app/pihire-load-balancer/510faec1ec92a0f2/ed4bd409692c0290/f67a95ab1d9db872",
            "listener_arn": "arn:aws:elasticloadbalancing:ap-south-1:211125439608:listener/app/pihire-load-balancer/510faec1ec92a0f2/ed4bd409692c0290",
            "priority": 3,
            "region": "ap-south-1",
            "tags": null,
            "tags_all": {}
          },
          "sensitive_attributes": [],
          "private": "bnVsbA==",
          "dependencies": [
            "module.load_balancer.aws_lb.ecs_load_balancer",
            "module.load_balancer.aws_lb_listener.ecs_listener",
            "module.target_group.aws_lb_target_group.ecs_target_group"
          ]
        },
        {
          "index_key": 23,
          "schema_version": 0,
          "attributes": {
            "action": [
              {
                "authenticate_cognito": [],
                "authenticate_oidc": [],
                "fixed_response": [],
                "forward": [],
                "order": 1,
                "redirect": [],
                "target_group_arn": "arn:aws:elasticloadbalancing:ap-south-1:211125439608:targetgroup/pihire-carrer-target-group-TG/5f56526105d72331",
                "type": "forward"
              }
            ],
            "arn": "arn:aws:elasticloadbalancing:ap-south-1:211125439608:listener-rule/app/pihire-load-balancer/510faec1ec92a0f2/ed4bd409692c0290/f67a95ab1d9db872",
            "condition": [
              {
                "host_header": [
                  {
                    "values": [
                      "qapihirecareer.paraminfo.com"
                    ]
                  }
                ],
                "http_header": [],
                "http_request_method": [],
                "path_pattern": [],
                "query_string": [],
                "source_ip": []
              }
            ],
            "id": "arn:aws:elasticloadbalancing:ap-south-1:211125439608:listener-rule/app/pihire-load-balancer/510faec1ec92a0f2/ed4bd409692c0290/f67a95ab1d9db872",
            "listener_arn": "arn:aws:elasticloadbalancing:ap-south-1:211125439608:listener/app/pihire-load-balancer/510faec1ec92a0f2/ed4bd409692c0290",
            "priority": 3,
            "region": "ap-south-1",
            "tags": null,
            "tags_all": {}
          },
          "sensitive_attributes": [],
          "private": "bnVsbA==",
          "dependencies": [
            "module.load_balancer.aws_lb.ecs_load_balancer",
            "module.load_balancer.aws_lb_listener.ecs_listener",
            "module.target_group.aws_lb_target_group.ecs_target_group"
          ]
        },
        {
          "index_key": 24,
          "schema_version": 0,
          "attributes": {
            "action": [
              {
                "authenticate_cognito": [],
                "authenticate_oidc": [],
                "fixed_response": [],
                "forward": [],
                "order": 1,
                "redirect": [],
                "target_group_arn": "arn:aws:elasticloadbalancing:ap-south-1:211125439608:targetgroup/pihire-carrer-target-group-TG/5f56526105d72331",
                "type": "forward"
              }
            ],
            "arn": "arn:aws:elasticloadbalancing:ap-south-1:211125439608:listener-rule/app/pihire-load-balancer/510faec1ec92a0f2/ed4bd409692c0290/f67a95ab1d9db872",
            "condition": [
              {
                "host_header": [
                  {
                    "values": [
                      "qapihirecareer.paraminfo.com"
                    ]
                  }
                ],
                "http_header": [],
                "http_request_method": [],
                "path_pattern": [],
                "query_string": [],
                "source_ip": []
              }
            ],
            "id": "arn:aws:elasticloadbalancing:ap-south-1:211125439608:listener-rule/app/pihire-load-balancer/510faec1ec92a0f2/ed4bd409692c0290/f67a95ab1d9db872",
            "listener_arn": "arn:aws:elasticloadbalancing:ap-south-1:211125439608:listener/app/pihire-load-balancer/510faec1ec92a0f2/ed4bd409692c0290",
            "priority": 3,
            "region": "ap-south-1",
            "tags": null,
            "tags_all": {}
          },
          "sensitive_attributes": [],
          "private": "bnVsbA==",
          "dependencies": [
            "module.load_balancer.aws_lb.ecs_load_balancer",
            "module.load_balancer.aws_lb_listener.ecs_listener",
            "module.target_group.aws_lb_target_group.ecs_target_group"
          ]
        },
        {
          "index_key": 25,
          "schema_version": 0,
          "attributes": {
            "action": [
              {
                "authenticate_cognito": [],
                "authenticate_oidc": [],
                "fixed_response": [],
                "forward": [],
                "order": 1,
                "redirect": [],
                "target_group_arn": "arn:aws:elasticloadbalancing:ap-south-1:211125439608:targetgroup/pihire-carrer-target-group-TG/5f56526105d72331",
                "type": "forward"
              }
            ],
            "arn": "arn:aws:elasticloadbalancing:ap-south-1:211125439608:listener-rule/app/pihire-load-balancer/510faec1ec92a0f2/ed4bd409692c0290/f67a95ab1d9db872",
            "condition": [
              {
                "host_header": [
                  {
                    "values": [
                      "qapihirecareer.paraminfo.com"
                    ]
                  }
                ],
                "http_header": [],
                "http_request_method": [],
                "path_pattern": [],
                "query_string": [],
                "source_ip": []
              }
            ],
            "id": "arn:aws:elasticloadbalancing:ap-south-1:211125439608:listener-rule/app/pihire-load-balancer/510faec1ec92a0f2/ed4bd409692c0290/f67a95ab1d9db872",
            "listener_arn": "arn:aws:elasticloadbalancing:ap-south-1:211125439608:listener/app/pihire-load-balancer/510faec1ec92a0f2/ed4bd409692c0290",
            "priority": 3,
            "region": "ap-south-1",
            "tags": null,
            "tags_all": {}
          },
          "sensitive_attributes": [],
          "private": "bnVsbA==",
          "dependencies": [
            "module.load_balancer.aws_lb.ecs_load_balancer",
            "module.load_balancer.aws_lb_listener.ecs_listener",
            "module.target_group.aws_lb_target_group.ecs_target_group"
          ]
        },
        {
          "index_key": 26,
          "schema_version": 0,
          "attributes": {
            "action": [
              {
                "authenticate_cognito": [],
                "authenticate_oidc": [],
                "fixed_response": [],
                "forward": [],
                "order": 1,
                "redirect": [],
                "target_group_arn": "arn:aws:elasticloadbalancing:ap-south-1:211125439608:targetgroup/pihire-carrer-target-group-TG/5f56526105d72331",
                "type": "forward"
              }
            ],
            "arn": "arn:aws:elasticloadbalancing:ap-south-1:211125439608:listener-rule/app/pihire-load-balancer/510faec1ec92a0f2/ed4bd409692c0290/f67a95ab1d9db872",
            "condition": [
              {
                "host_header": [
                  {
                    "values": [
                      "qapihirecareer.paraminfo.com"
                    ]
                  }
                ],
                "http_header": [],
                "http_request_method": [],
                "path_pattern": [],
                "query_string": [],
                "source_ip": []
              }
            ],
            "id": "arn:aws:elasticloadbalancing:ap-south-1:211125439608:listener-rule/app/pihire-load-balancer/510faec1ec92a0f2/ed4bd409692c0290/f67a95ab1d9db872",
            "listener_arn": "arn:aws:elasticloadbalancing:ap-south-1:211125439608:listener/app/pihire-load-balancer/510faec1ec92a0f2/ed4bd409692c0290",
            "priority": 3,
            "region": "ap-south-1",
            "tags": null,
            "tags_all": {}
          },
          "sensitive_attributes": [],
          "private": "bnVsbA==",
          "dependencies": [
            "module.load_balancer.aws_lb.ecs_load_balancer",
            "module.load_balancer.aws_lb_listener.ecs_listener",
            "module.target_group.aws_lb_target_group.ecs_target_group"
          ]
        },
        {
          "index_key": 27,
          "schema_version": 0,
          "attributes": {
            "action": [
              {
                "authenticate_cognito": [],
                "authenticate_oidc": [],
                "fixed_response": [],
                "forward": [],
                "order": 1,
                "redirect": [],
                "target_group_arn": "arn:aws:elasticloadbalancing:ap-south-1:211125439608:targetgroup/pihire-carrer-target-group-TG/5f56526105d72331",
                "type": "forward"
              }
            ],
            "arn": "arn:aws:elasticloadbalancing:ap-south-1:211125439608:listener-rule/app/pihire-load-balancer/510faec1ec92a0f2/ed4bd409692c0290/f67a95ab1d9db872",
            "condition": [
              {
                "host_header": [
                  {
                    "values": [
                      "qapihirecareer.paraminfo.com"
                    ]
                  }
                ],
                "http_header": [],
                "http_request_method": [],
                "path_pattern": [],
                "query_string": [],
                "source_ip": []
              }
            ],
            "id": "arn:aws:elasticloadbalancing:ap-south-1:211125439608:listener-rule/app/pihire-load-balancer/510faec1ec92a0f2/ed4bd409692c0290/f67a95ab1d9db872",
            "listener_arn": "arn:aws:elasticloadbalancing:ap-south-1:211125439608:listener/app/pihire-load-balancer/510faec1ec92a0f2/ed4bd409692c0290",
            "priority": 3,
            "region": "ap-south-1",
            "tags": null,
            "tags_all": {}
          },
          "sensitive_attributes": [],
          "private": "bnVsbA==",
          "dependencies": [
            "module.load_balancer.aws_lb.ecs_load_balancer",
            "module.load_balancer.aws_lb_listener.ecs_listener",
            "module.target_group.aws_lb_target_group.ecs_target_group"
          ]
        }
      ]
    },
    {
      "module": "module.target_group[0]",
      "mode": "managed",
      "type": "aws_lb_target_group",
      "name": "ecs_target_group",
      "provider": "provider[\"registry.terraform.io/hashicorp/aws\"]",
      "instances": [
        {
          "schema_version": 0,
          "attributes": {
            "arn": "arn:aws:elasticloadbalancing:ap-south-1:211125439608:targetgroup/pihire-website-target-group-TG/be0a2289a4875f15",
            "arn_suffix": "targetgroup/pihire-website-target-group-TG/be0a2289a4875f15",
            "connection_termination": null,
            "deregistration_delay": "300",
            "health_check": [
              {
                "enabled": true,
                "healthy_threshold": 2,
                "interval": 30,
                "matcher": "200",
                "path": "/healthz",
                "port": "traffic-port",
                "protocol": "HTTP",
                "timeout": 5,
                "unhealthy_threshold": 2
              }
            ],
            "id": "arn:aws:elasticloadbalancing:ap-south-1:211125439608:targetgroup/pihire-website-target-group-TG/be0a2289a4875f15",
            "ip_address_type": "ipv4",
            "lambda_multi_value_headers_enabled": false,
            "load_balancer_arns": [],
            "load_balancing_algorithm_type": "round_robin",
            "load_balancing_anomaly_mitigation": "off",
            "load_balancing_cross_zone_enabled": "use_load_balancer_configuration",
            "name": "pihire-website-target-group-TG",
            "name_prefix": "",
            "port": 80,
            "preserve_client_ip": null,
            "protocol": "HTTP",
            "protocol_version": "HTTP1",
            "proxy_protocol_v2": false,
            "region": "ap-south-1",
            "slow_start": 0,
            "stickiness": [
              {
                "cookie_duration": 86400,
                "cookie_name": "",
                "enabled": false,
                "type": "lb_cookie"
              }
            ],
            "tags": {
              "Name": "pihire-website-target-group-target-group"
            },
            "tags_all": {
              "Name": "pihire-website-target-group-target-group"
            },
            "target_failover": [
              {
                "on_deregistration": null,
                "on_unhealthy": null
              }
            ],
            "target_group_health": [
              {
                "dns_failover": [
                  {
                    "minimum_healthy_targets_count": "1",
                    "minimum_healthy_targets_percentage": "off"
                  }
                ],
                "unhealthy_state_routing": [
                  {
                    "minimum_healthy_targets_count": 1,
                    "minimum_healthy_targets_percentage": "off"
                  }
                ]
              }
            ],
            "target_health_state": [
              {
                "enable_unhealthy_connection_termination": null,
                "unhealthy_draining_interval": null
              }
            ],
            "target_type": "instance",
            "vpc_id": "vpc-075a97b2731ec0684"
          },
          "sensitive_attributes": [],
          "private": "bnVsbA=="
        }
      ]
    },
    {
      "module": "module.target_group[1]",
      "mode": "managed",
      "type": "aws_lb_target_group",
      "name": "ecs_target_group",
      "provider": "provider[\"registry.terraform.io/hashicorp/aws\"]",
      "instances": [
        {
          "schema_version": 0,
          "attributes": {
            "arn": "arn:aws:elasticloadbalancing:ap-south-1:211125439608:targetgroup/pihire-api-target-group-TG/9796f53b0e669cd3",
            "arn_suffix": "targetgroup/pihire-api-target-group-TG/9796f53b0e669cd3",
            "connection_termination": null,
            "deregistration_delay": "300",
            "health_check": [
              {
                "enabled": true,
                "healthy_threshold": 2,
                "interval": 30,
                "matcher": "200",
                "path": "/healthz",
                "port": "traffic-port",
                "protocol": "HTTP",
                "timeout": 5,
                "unhealthy_threshold": 2
              }
            ],
            "id": "arn:aws:elasticloadbalancing:ap-south-1:211125439608:targetgroup/pihire-api-target-group-TG/9796f53b0e669cd3",
            "ip_address_type": "ipv4",
            "lambda_multi_value_headers_enabled": false,
            "load_balancer_arns": [],
            "load_balancing_algorithm_type": "round_robin",
            "load_balancing_anomaly_mitigation": "off",
            "load_balancing_cross_zone_enabled": "use_load_balancer_configuration",
            "name": "pihire-api-target-group-TG",
            "name_prefix": "",
            "port": 5000,
            "preserve_client_ip": null,
            "protocol": "HTTP",
            "protocol_version": "HTTP1",
            "proxy_protocol_v2": false,
            "region": "ap-south-1",
            "slow_start": 0,
            "stickiness": [
              {
                "cookie_duration": 86400,
                "cookie_name": "",
                "enabled": false,
                "type": "lb_cookie"
              }
            ],
            "tags": {
              "Name": "pihire-api-target-group-target-group"
            },
            "tags_all": {
              "Name": "pihire-api-target-group-target-group"
            },
            "target_failover": [
              {
                "on_deregistration": null,
                "on_unhealthy": null
              }
            ],
            "target_group_health": [
              {
                "dns_failover": [
                  {
                    "minimum_healthy_targets_count": "1",
                    "minimum_healthy_targets_percentage": "off"
                  }
                ],
                "unhealthy_state_routing": [
                  {
                    "minimum_healthy_targets_count": 1,
                    "minimum_healthy_targets_percentage": "off"
                  }
                ]
              }
            ],
            "target_health_state": [
              {
                "enable_unhealthy_connection_termination": null,
                "unhealthy_draining_interval": null
              }
            ],
            "target_type": "instance",
            "vpc_id": "vpc-075a97b2731ec0684"
          },
          "sensitive_attributes": [],
          "private": "bnVsbA=="
        }
      ]
    },
    {
      "module": "module.target_group[2]",
      "mode": "managed",
      "type": "aws_lb_target_group",
      "name": "ecs_target_group",
      "provider": "provider[\"registry.terraform.io/hashicorp/aws\"]",
      "instances": [
        {
          "schema_version": 0,
          "attributes": {
            "arn": "arn:aws:elasticloadbalancing:ap-south-1:211125439608:targetgroup/pihire-carrer-target-group-TG/5f56526105d72331",
            "arn_suffix": "targetgroup/pihire-carrer-target-group-TG/5f56526105d72331",
            "connection_termination": null,
            "deregistration_delay": "300",
            "health_check": [
              {
                "enabled": true,
                "healthy_threshold": 2,
                "interval": 30,
                "matcher": "200",
                "path": "/healthz",
                "port": "traffic-port",
                "protocol": "HTTP",
                "timeout": 5,
                "unhealthy_threshold": 2
              }
            ],
            "id": "arn:aws:elasticloadbalancing:ap-south-1:211125439608:targetgroup/pihire-carrer-target-group-TG/5f56526105d72331",
            "ip_address_type": "ipv4",
            "lambda_multi_value_headers_enabled": false,
            "load_balancer_arns": [],
            "load_balancing_algorithm_type": "round_robin",
            "load_balancing_anomaly_mitigation": "off",
            "load_balancing_cross_zone_enabled": "use_load_balancer_configuration",
            "name": "pihire-carrer-target-group-TG",
            "name_prefix": "",
            "port": 8002,
            "preserve_client_ip": null,
            "protocol": "HTTP",
            "protocol_version": "HTTP1",
            "proxy_protocol_v2": false,
            "region": "ap-south-1",
            "slow_start": 0,
            "stickiness": [
              {
                "cookie_duration": 86400,
                "cookie_name": "",
                "enabled": false,
                "type": "lb_cookie"
              }
            ],
            "tags": {
              "Name": "pihire-carrer-target-group-target-group"
            },
            "tags_all": {
              "Name": "pihire-carrer-target-group-target-group"
            },
            "target_failover": [
              {
                "on_deregistration": null,
                "on_unhealthy": null
              }
            ],
            "target_group_health": [
              {
                "dns_failover": [
                  {
                    "minimum_healthy_targets_count": "1",
                    "minimum_healthy_targets_percentage": "off"
                  }
                ],
                "unhealthy_state_routing": [
                  {
                    "minimum_healthy_targets_count": 1,
                    "minimum_healthy_targets_percentage": "off"
                  }
                ]
              }
            ],
            "target_health_state": [
              {
                "enable_unhealthy_connection_termination": null,
                "unhealthy_draining_interval": null
              }
            ],
            "target_type": "instance",
            "vpc_id": "vpc-075a97b2731ec0684"
          },
          "sensitive_attributes": [],
          "private": "bnVsbA=="
        }
      ]
    }
  ],
  "check_results": null
}
